Microsoft Visual Studio Solution File, Format Version 11.00
# Visual C++ Express 2010
Project("{8BC9CEB8-8B4A-11D0-8D11-00A0C91BC942}") = "ScoresAchievementsCppApp", "Source\ScoresAchievementsCppApp\ScoresAchievementsCppApp_android_x86_vs2010_anarchy.vcxproj", "{596313B3-50B6-4B79-BADE-A7F588737AE7}"
	ProjectSection(ProjectDependencies) = postProject
		{5A6EC3C6-F8CF-4F6B-975E-27AEC4866C1D} = {5A6EC3C6-F8CF-4F6B-975E-27AEC4866C1D}
	EndProjectSection
EndProject
Project("{8BC9CEB8-8B4A-11D0-8D11-00A0C91BC942}") = "ScoresAchievementsCppEnginePlugin", "Source\ScoresAchievementsCppEnginePlugin\ScoresAchievementsCppEnginePlugin_android_x86_vs2010_anarchy.vcxproj", "{5A6EC3C6-F8CF-4F6B-975E-27AEC4866C1D}"
EndProject
Project("{2150E333-8FDC-42A3-9474-1A3956D46DE8}") = "Vision", "Vision", "{7213C570-5AC5-4BDD-87F8-8215826EC177}"
EndProject
Project("{2150E333-8FDC-42A3-9474-1A3956D46DE8}") = "Samples", "Samples", "{0061718D-056C-43A6-993D-699C43F8CC04}"
EndProject
Project("{2150E333-8FDC-42A3-9474-1A3956D46DE8}") = "Templates", "Templates", "{E8FC9ACE-0461-4811-BAE3-D5514F1E6DB7}"
EndProject
Global
	GlobalSection(SolutionConfigurationPlatforms) = preSolution
		Debug|hkAndroid = Debug|hkAndroid
		Dev|hkAndroid = Dev|hkAndroid
		Release|hkAndroid = Release|hkAndroid
	EndGlobalSection
	GlobalSection(ProjectConfigurationPlatforms) = postSolution
		{596313B3-50B6-4B79-BADE-A7F588737AE7}.Debug|hkAndroid.ActiveCfg = Debug|hkAndroid
		{596313B3-50B6-4B79-BADE-A7F588737AE7}.Debug|hkAndroid.Build.0 = Debug|hkAndroid
		{596313B3-50B6-4B79-BADE-A7F588737AE7}.Dev|hkAndroid.ActiveCfg = Dev|hkAndroid
		{596313B3-50B6-4B79-BADE-A7F588737AE7}.Dev|hkAndroid.Build.0 = Dev|hkAndroid
		{596313B3-50B6-4B79-BADE-A7F588737AE7}.Release|hkAndroid.ActiveCfg = Release|hkAndroid
		{596313B3-50B6-4B79-BADE-A7F588737AE7}.Release|hkAndroid.Build.0 = Release|hkAndroid
		{5A6EC3C6-F8CF-4F6B-975E-27AEC4866C1D}.Debug|hkAndroid.ActiveCfg = Debug|hkAndroid
		{5A6EC3C6-F8CF-4F6B-975E-27AEC4866C1D}.Debug|hkAndroid.Build.0 = Debug|hkAndroid
		{5A6EC3C6-F8CF-4F6B-975E-27AEC4866C1D}.Dev|hkAndroid.ActiveCfg = Dev|hkAndroid
		{5A6EC3C6-F8CF-4F6B-975E-27AEC4866C1D}.Dev|hkAndroid.Build.0 = Dev|hkAndroid
		{5A6EC3C6-F8CF-4F6B-975E-27AEC4866C1D}.Release|hkAndroid.ActiveCfg = Release|hkAndroid
		{5A6EC3C6-F8CF-4F6B-975E-27AEC4866C1D}.Release|hkAndroid.Build.0 = Release|hkAndroid
	EndGlobalSection
	GlobalSection(SolutionProperties) = preSolution
		HideSolutionNode = FALSE
	EndGlobalSection
	GlobalSection(NestedProjects) = preSolution
		{7213C570-5AC5-4BDD-87F8-8215826EC177} = {1020E0B6-274B-48BB-8127-7AC3C5B2965B}
		{0061718D-056C-43A6-993D-699C43F8CC04} = {7213C570-5AC5-4BDD-87F8-8215826EC177}
		{E8FC9ACE-0461-4811-BAE3-D5514F1E6DB7} = {0061718D-056C-43A6-993D-699C43F8CC04}
		{596313B3-50B6-4B79-BADE-A7F588737AE7} = {E8FC9ACE-0461-4811-BAE3-D5514F1E6DB7}
		{5A6EC3C6-F8CF-4F6B-975E-27AEC4866C1D} = {E8FC9ACE-0461-4811-BAE3-D5514F1E6DB7}
	EndGlobalSection
EndGlobal
