// !$*UTF8*$!
{
	archiveVersion = 1;
	classes = {
	};
	objectVersion = 46;
	objects = {
		
		/* Describes the files */
		512337140686508600000133 = {isa = PBXFileReference; explicitFileType = archive.ar; includeInIndex = 0; path = libGamePlugin.a;sourceTree = BUILT_PRODUCTS_DIR; };
3897810000000000020242 = { isa = PBXFileReference; path = GameManager.cpp; sourceTree = "<group>"; };
7984900000000000020244 = { isa = PBXBuildFile; fileRef = 3897810000000000020242; };
3311050000000000020245 = { isa = PBXFileReference; path = GameManager.h; sourceTree = "<group>"; };
6250220000000000020246 = { isa = PBXBuildFile; fileRef = 3311050000000000020245; };
3407080000000000020247 = { isa = PBXFileReference; path = GamePluginModule.h; sourceTree = "<group>"; };
0963750000000000020248 = { isa = PBXBuildFile; fileRef = 3407080000000000020247; };
6939940000000000020249 = { isa = PBXFileReference; path = GamePluginPCH.cpp; sourceTree = "<group>"; };
5799980000000000020250 = { isa = PBXBuildFile; fileRef = 6939940000000000020249; };
0199380000000000020251 = { isa = PBXFileReference; path = GamePluginPCH.h; sourceTree = "<group>"; };
0011630000000000020252 = { isa = PBXBuildFile; fileRef = 0199380000000000020251; };
1760000000000000020253 = { isa = PBXFileReference; path = myComponent.cpp; sourceTree = "<group>"; };
2169330000000000020254 = { isa = PBXBuildFile; fileRef = 1760000000000000020253; };
1272880000000000020255 = { isa = PBXFileReference; path = myComponent.h; sourceTree = "<group>"; };
2563040000000000020256 = { isa = PBXBuildFile; fileRef = 1272880000000000020255; };
3401110000000000020257 = { isa = PBXFileReference; path = PluginMain.cpp; sourceTree = "<group>"; };
5569750000000000020258 = { isa = PBXBuildFile; fileRef = 3401110000000000020257; };
0825890000000000020259 = { isa = PBXFileReference; path = TemplateAction.cpp; sourceTree = "<group>"; };
2017660000000000020260 = { isa = PBXBuildFile; fileRef = 0825890000000000020259; };
7910220000000000020261 = { isa = PBXFileReference; path = TemplateAction.h; sourceTree = "<group>"; };
4648820000000000020262 = { isa = PBXBuildFile; fileRef = 7910220000000000020261; };
6614850000000000020243 = { isa = PBXGroup; children = ( 3897810000000000020242, 3311050000000000020245, 3407080000000000020247, 6939940000000000020249, 0199380000000000020251, 1760000000000000020253, 1272880000000000020255, 3401110000000000020257, 0825890000000000020259, 7910220000000000020261, ); name = Products; sourceTree = "<group>"; };

		
		/* Describes the build configurations */
		1790450000000000020263 = { isa = XCBuildConfiguration; name = debug; buildSettings = { ARCHS = (armv7); SDKROOT = iphoneos; HEADER_SEARCH_PATHS = ( "../../../../../..", "../../../../../..", "../../../../../..", "../../../../../..", "$(HAVOK_THIRDPARTY_DIR)/redistsdks/Lua/5.1.4/", "$(VISION_SDK)/Source", "$(HAVOK_THIRDPARTY_DIR)/redistsdks/Lua/5.1.4/", "$(HAVOK_THIRDPARTY_DIR)/redistsdks/fmod/4.44.23/inc", ); IPHONEOS_DEPLOYMENT_TARGET = 4.3;GCC_PRECOMPILE_PREFIX_HEADER = NO; GCC_PREPROCESSOR_DEFINITIONS_NOT_USED_IN_PRECOMPS = (HK_ANARCHY,PROFILING,_VISION_IOS,_VISION_POSIX,_VR_GLES2,VBASE_LIB,LINK_WITH_VISION,VISIONDLL_LIB,PROFILING,_VISION_IOS,_VISION_POSIX,_VR_GLES2,PROFILING,_VISION_IOS,_VISION_POSIX,_VR_GLES2,PROFILING,_VISION_IOS,_VISION_POSIX,_VR_GLES2,VBASE_LIB,LINK_WITH_VISION,VISIONDLL_LIB,USE_HAVOK);SUPPORTED_PLATFORMS = iphoneos;MACH_O_TYPE = staticlib;LIBRARY_SEARCH_PATHS = ( "$(VISION_SDK)/../../../../../../../Lib/ios_xcode_anarchy/debug", "../../../../../../../Lib/ios_xcode_anarchy/$(CONFIGURATION)", ); OTHER_CPLUSPLUSFLAGS = ("-fno-strict-aliasing","-std=c++98","-mfpu=neon","-mfloat-abi=softfp",-DHK_ANARCHY,-DPROFILING,-D_VISION_IOS,-D_VISION_POSIX,-D_VR_GLES2,-DVBASE_LIB,-DLINK_WITH_VISION,-DVISIONDLL_LIB,-DPROFILING,-D_VISION_IOS,-D_VISION_POSIX,-D_VR_GLES2,-DPROFILING,-D_VISION_IOS,-D_VISION_POSIX,-D_VR_GLES2,-DPROFILING,-D_VISION_IOS,-D_VISION_POSIX,-D_VR_GLES2,-DVBASE_LIB,-DLINK_WITH_VISION,-DVISIONDLL_LIB,-DUSE_HAVOK,-D_DEBUG,-DHK_DEBUG,-DHK_DEBUG_SLOW,"-fno-inline");OTHER_LDFLAGS = ();GCC_INLINES_ARE_PRIVATE_EXTERN = YES;GCC_SYMBOLS_PRIVATE_EXTERN = NO;GCC_ENABLE_SYMBOL_SEPARATION = NO;GCC_USE_GCC3_PFE_SUPPORT = NO;GCC_STRICT_ALIASING = NO;GCC_ENABLE_CPP_RTTI = YES; GCC_ENABLE_CPP_EXCEPTIONS = NO; DEBUG_INFORMATION_FORMAT = dwarf;GCC_GENERATE_DEBUGGING_SYMBOLS = YES;GCC_OPTIMIZATION_LEVEL = 0;GCC_THUMB_SUPPORT = NO; GCC_VERSION = com.apple.compilers.llvm.clang.1_0;SKIP_INSTALL = YES; WARNING_CFLAGS = ("-W", "-Wall", "-Wundef", "-Wno-inline", "-Wcast-qual", "-Wno-unused", "-Wno-unknown-pragmas","-Wno-ignored-qualifiers", "-Wno-overflow", "-Wno-type-limits", "-Wno-sign-compare", "-Wno-char-subscripts", "-Wno-switch", "-Wno-dangling-else", "-Wno-comment", "-Wno-shadow", -Wno-unused-parameter);GCC_WARN_ABOUT_INVALID_OFFSETOF_MACRO = NO;}; };
9321030000000000020264 = { isa = XCBuildConfiguration; name = dev; buildSettings = { ARCHS = (armv7); SDKROOT = iphoneos; HEADER_SEARCH_PATHS = ( "../../../../../..", "../../../../../..", "../../../../../..", "../../../../../..", "$(HAVOK_THIRDPARTY_DIR)/redistsdks/Lua/5.1.4/", "$(VISION_SDK)/Source", "$(HAVOK_THIRDPARTY_DIR)/redistsdks/Lua/5.1.4/", "$(HAVOK_THIRDPARTY_DIR)/redistsdks/fmod/4.44.23/inc", ); IPHONEOS_DEPLOYMENT_TARGET = 4.3;GCC_PRECOMPILE_PREFIX_HEADER = NO; GCC_PREPROCESSOR_DEFINITIONS_NOT_USED_IN_PRECOMPS = (HK_ANARCHY,PROFILING,_VISION_IOS,_VISION_POSIX,_VR_GLES2,VBASE_LIB,LINK_WITH_VISION,VISIONDLL_LIB,PROFILING,_VISION_IOS,_VISION_POSIX,_VR_GLES2,PROFILING,_VISION_IOS,_VISION_POSIX,_VR_GLES2,PROFILING,_VISION_IOS,_VISION_POSIX,_VR_GLES2,VBASE_LIB,LINK_WITH_VISION,VISIONDLL_LIB,USE_HAVOK);SUPPORTED_PLATFORMS = iphoneos;MACH_O_TYPE = staticlib;LIBRARY_SEARCH_PATHS = ( "$(VISION_SDK)/../../../../../../../Lib/ios_xcode_anarchy/dev", "../../../../../../../Lib/ios_xcode_anarchy/$(CONFIGURATION)", ); OTHER_CPLUSPLUSFLAGS = ("-fno-strict-aliasing","-std=c++98","-mfpu=neon","-mfloat-abi=softfp",-DHK_ANARCHY,-DPROFILING,-D_VISION_IOS,-D_VISION_POSIX,-D_VR_GLES2,-DVBASE_LIB,-DLINK_WITH_VISION,-DVISIONDLL_LIB,-DPROFILING,-D_VISION_IOS,-D_VISION_POSIX,-D_VR_GLES2,-DPROFILING,-D_VISION_IOS,-D_VISION_POSIX,-D_VR_GLES2,-DPROFILING,-D_VISION_IOS,-D_VISION_POSIX,-D_VR_GLES2,-DVBASE_LIB,-DLINK_WITH_VISION,-DVISIONDLL_LIB,-DUSE_HAVOK,-DHK_DEBUG);OTHER_LDFLAGS = ();GCC_INLINES_ARE_PRIVATE_EXTERN = YES;GCC_SYMBOLS_PRIVATE_EXTERN = NO;GCC_ENABLE_SYMBOL_SEPARATION = NO;GCC_USE_GCC3_PFE_SUPPORT = NO;GCC_STRICT_ALIASING = NO;GCC_ENABLE_CPP_RTTI = YES; GCC_ENABLE_CPP_EXCEPTIONS = NO; DEBUG_INFORMATION_FORMAT = dwarf;GCC_GENERATE_DEBUGGING_SYMBOLS = YES;GCC_OPTIMIZATION_LEVEL = 3;GCC_THUMB_SUPPORT = NO; GCC_VERSION = com.apple.compilers.llvm.clang.1_0;SKIP_INSTALL = YES; WARNING_CFLAGS = ("-W", "-Wall", "-Wundef", "-Wno-inline", "-Wcast-qual", "-Wno-unused", "-Wno-unknown-pragmas","-Wno-ignored-qualifiers", "-Wno-overflow", "-Wno-type-limits", "-Wno-sign-compare", "-Wno-char-subscripts", "-Wno-switch", "-Wno-dangling-else", "-Wno-comment", "-Wno-shadow", -Wno-unused-parameter);GCC_WARN_ABOUT_INVALID_OFFSETOF_MACRO = NO;}; };
2594580000000000020265 = { isa = XCBuildConfiguration; name = distrib; buildSettings = { ARCHS = (armv7); SDKROOT = iphoneos; HEADER_SEARCH_PATHS = ( "../../../../../..", "../../../../../..", "../../../../../..", "../../../../../..", "$(HAVOK_THIRDPARTY_DIR)/redistsdks/Lua/5.1.4/", "$(VISION_SDK)/Source", "$(HAVOK_THIRDPARTY_DIR)/redistsdks/Lua/5.1.4/", "$(HAVOK_THIRDPARTY_DIR)/redistsdks/fmod/4.44.23/inc", ); IPHONEOS_DEPLOYMENT_TARGET = 4.3;GCC_PRECOMPILE_PREFIX_HEADER = NO; GCC_PREPROCESSOR_DEFINITIONS_NOT_USED_IN_PRECOMPS = (HK_ANARCHY,PROFILING,_VISION_IOS,_VISION_POSIX,_VR_GLES2,VBASE_LIB,LINK_WITH_VISION,VISIONDLL_LIB,PROFILING,_VISION_IOS,_VISION_POSIX,_VR_GLES2,PROFILING,_VISION_IOS,_VISION_POSIX,_VR_GLES2,PROFILING,_VISION_IOS,_VISION_POSIX,_VR_GLES2,VBASE_LIB,LINK_WITH_VISION,VISIONDLL_LIB,USE_HAVOK);SUPPORTED_PLATFORMS = iphoneos;MACH_O_TYPE = staticlib;LIBRARY_SEARCH_PATHS = ( "$(VISION_SDK)/../../../../../../../Lib/ios_xcode_anarchy/distrib", "../../../../../../../Lib/ios_xcode_anarchy/$(CONFIGURATION)", ); OTHER_CPLUSPLUSFLAGS = ("-fno-strict-aliasing","-std=c++98","-mfpu=neon","-mfloat-abi=softfp",-DHK_ANARCHY,-DPROFILING,-D_VISION_IOS,-D_VISION_POSIX,-D_VR_GLES2,-DVBASE_LIB,-DLINK_WITH_VISION,-DVISIONDLL_LIB,-DPROFILING,-D_VISION_IOS,-D_VISION_POSIX,-D_VR_GLES2,-DPROFILING,-D_VISION_IOS,-D_VISION_POSIX,-D_VR_GLES2,-DPROFILING,-D_VISION_IOS,-D_VISION_POSIX,-D_VR_GLES2,-DVBASE_LIB,-DLINK_WITH_VISION,-DVISIONDLL_LIB,-DUSE_HAVOK,"-fomit-frame-pointer");OTHER_LDFLAGS = ();GCC_INLINES_ARE_PRIVATE_EXTERN = YES;GCC_SYMBOLS_PRIVATE_EXTERN = NO;GCC_ENABLE_SYMBOL_SEPARATION = NO;GCC_USE_GCC3_PFE_SUPPORT = NO;GCC_STRICT_ALIASING = NO;GCC_ENABLE_CPP_RTTI = YES; GCC_ENABLE_CPP_EXCEPTIONS = NO; DEBUG_INFORMATION_FORMAT = dwarf;GCC_GENERATE_DEBUGGING_SYMBOLS = NO;GCC_OPTIMIZATION_LEVEL = 3;GCC_THUMB_SUPPORT = NO; GCC_VERSION = com.apple.compilers.llvm.clang.1_0;SKIP_INSTALL = YES; WARNING_CFLAGS = ("-W", "-Wall", "-Wundef", "-Wno-inline", "-Wcast-qual", "-Wno-unused", "-Wno-unknown-pragmas","-Wno-ignored-qualifiers", "-Wno-overflow", "-Wno-type-limits", "-Wno-sign-compare", "-Wno-char-subscripts", "-Wno-switch", "-Wno-dangling-else", "-Wno-comment", "-Wno-shadow", -Wno-unused-parameter);GCC_WARN_ABOUT_INVALID_OFFSETOF_MACRO = NO;}; };
3136680000000000020266 = { isa = XCBuildConfiguration; name = release; buildSettings = { ARCHS = (armv7); SDKROOT = iphoneos; HEADER_SEARCH_PATHS = ( "../../../../../..", "../../../../../..", "../../../../../..", "../../../../../..", "$(HAVOK_THIRDPARTY_DIR)/redistsdks/Lua/5.1.4/", "$(VISION_SDK)/Source", "$(HAVOK_THIRDPARTY_DIR)/redistsdks/Lua/5.1.4/", "$(HAVOK_THIRDPARTY_DIR)/redistsdks/fmod/4.44.23/inc", ); IPHONEOS_DEPLOYMENT_TARGET = 4.3;GCC_PRECOMPILE_PREFIX_HEADER = NO; GCC_PREPROCESSOR_DEFINITIONS_NOT_USED_IN_PRECOMPS = (HK_ANARCHY,PROFILING,_VISION_IOS,_VISION_POSIX,_VR_GLES2,VBASE_LIB,LINK_WITH_VISION,VISIONDLL_LIB,PROFILING,_VISION_IOS,_VISION_POSIX,_VR_GLES2,PROFILING,_VISION_IOS,_VISION_POSIX,_VR_GLES2,PROFILING,_VISION_IOS,_VISION_POSIX,_VR_GLES2,VBASE_LIB,LINK_WITH_VISION,VISIONDLL_LIB,USE_HAVOK);SUPPORTED_PLATFORMS = iphoneos;MACH_O_TYPE = staticlib;LIBRARY_SEARCH_PATHS = ( "$(VISION_SDK)/../../../../../../../Lib/ios_xcode_anarchy/release", "../../../../../../../Lib/ios_xcode_anarchy/$(CONFIGURATION)", ); OTHER_CPLUSPLUSFLAGS = ("-fno-strict-aliasing","-std=c++98","-mfpu=neon","-mfloat-abi=softfp",-DHK_ANARCHY,-DPROFILING,-D_VISION_IOS,-D_VISION_POSIX,-D_VR_GLES2,-DVBASE_LIB,-DLINK_WITH_VISION,-DVISIONDLL_LIB,-DPROFILING,-D_VISION_IOS,-D_VISION_POSIX,-D_VR_GLES2,-DPROFILING,-D_VISION_IOS,-D_VISION_POSIX,-D_VR_GLES2,-DPROFILING,-D_VISION_IOS,-D_VISION_POSIX,-D_VR_GLES2,-DVBASE_LIB,-DLINK_WITH_VISION,-DVISIONDLL_LIB,-DUSE_HAVOK,"-fomit-frame-pointer");OTHER_LDFLAGS = ();GCC_INLINES_ARE_PRIVATE_EXTERN = YES;GCC_SYMBOLS_PRIVATE_EXTERN = NO;GCC_ENABLE_SYMBOL_SEPARATION = NO;GCC_USE_GCC3_PFE_SUPPORT = NO;GCC_STRICT_ALIASING = NO;GCC_ENABLE_CPP_RTTI = YES; GCC_ENABLE_CPP_EXCEPTIONS = NO; DEBUG_INFORMATION_FORMAT = dwarf;GCC_GENERATE_DEBUGGING_SYMBOLS = NO;GCC_OPTIMIZATION_LEVEL = 3;GCC_THUMB_SUPPORT = NO; GCC_VERSION = com.apple.compilers.llvm.clang.1_0;SKIP_INSTALL = YES; WARNING_CFLAGS = ("-W", "-Wall", "-Wundef", "-Wno-inline", "-Wcast-qual", "-Wno-unused", "-Wno-unknown-pragmas","-Wno-ignored-qualifiers", "-Wno-overflow", "-Wno-type-limits", "-Wno-sign-compare", "-Wno-char-subscripts", "-Wno-switch", "-Wno-dangling-else", "-Wno-comment", "-Wno-shadow", -Wno-unused-parameter);GCC_WARN_ABOUT_INVALID_OFFSETOF_MACRO = NO;}; };

		7386570000000000020267 = { isa = XCBuildConfiguration; name = debug; buildSettings = { CONFIGURATION_BUILD_DIR = "$(BUILD_DIR)"; CONFIGURATION_TEMP_DIR = "$(PROJECT_TEMP_DIR)/$(CONFIGURATION)$"; SYMROOT = "../../Lib/ios_xcode_anarchy/debug"; OBJROOT = "../../Obj/ios_xcode_anarchy/debug/GamePlugin"; HEADER_SEARCH_PATHS = ( "../../../../../..", "../../../../../..", "../../../../../..", "../../../../../..", "$(HAVOK_THIRDPARTY_DIR)/redistsdks/Lua/5.1.4/", "$(VISION_SDK)/Source", "$(HAVOK_THIRDPARTY_DIR)/redistsdks/Lua/5.1.4/", "$(HAVOK_THIRDPARTY_DIR)/redistsdks/fmod/4.44.23/inc", ); PRODUCT_NAME = "GamePlugin"; }; };
1539230000000000020268 = { isa = XCBuildConfiguration; name = dev; buildSettings = { CONFIGURATION_BUILD_DIR = "$(BUILD_DIR)"; CONFIGURATION_TEMP_DIR = "$(PROJECT_TEMP_DIR)/$(CONFIGURATION)$"; SYMROOT = "../../Lib/ios_xcode_anarchy/dev"; OBJROOT = "../../Obj/ios_xcode_anarchy/dev/GamePlugin"; HEADER_SEARCH_PATHS = ( "../../../../../..", "../../../../../..", "../../../../../..", "../../../../../..", "$(HAVOK_THIRDPARTY_DIR)/redistsdks/Lua/5.1.4/", "$(VISION_SDK)/Source", "$(HAVOK_THIRDPARTY_DIR)/redistsdks/Lua/5.1.4/", "$(HAVOK_THIRDPARTY_DIR)/redistsdks/fmod/4.44.23/inc", ); PRODUCT_NAME = "GamePlugin"; }; };
9333570000000000020269 = { isa = XCBuildConfiguration; name = distrib; buildSettings = { CONFIGURATION_BUILD_DIR = "$(BUILD_DIR)"; CONFIGURATION_TEMP_DIR = "$(PROJECT_TEMP_DIR)/$(CONFIGURATION)$"; SYMROOT = "../../Lib/ios_xcode_anarchy/distrib"; OBJROOT = "../../Obj/ios_xcode_anarchy/distrib/GamePlugin"; HEADER_SEARCH_PATHS = ( "../../../../../..", "../../../../../..", "../../../../../..", "../../../../../..", "$(HAVOK_THIRDPARTY_DIR)/redistsdks/Lua/5.1.4/", "$(VISION_SDK)/Source", "$(HAVOK_THIRDPARTY_DIR)/redistsdks/Lua/5.1.4/", "$(HAVOK_THIRDPARTY_DIR)/redistsdks/fmod/4.44.23/inc", ); PRODUCT_NAME = "GamePlugin"; }; };
5354060000000000020270 = { isa = XCBuildConfiguration; name = release; buildSettings = { CONFIGURATION_BUILD_DIR = "$(BUILD_DIR)"; CONFIGURATION_TEMP_DIR = "$(PROJECT_TEMP_DIR)/$(CONFIGURATION)$"; SYMROOT = "../../Lib/ios_xcode_anarchy/release"; OBJROOT = "../../Obj/ios_xcode_anarchy/release/GamePlugin"; HEADER_SEARCH_PATHS = ( "../../../../../..", "../../../../../..", "../../../../../..", "../../../../../..", "$(HAVOK_THIRDPARTY_DIR)/redistsdks/Lua/5.1.4/", "$(VISION_SDK)/Source", "$(HAVOK_THIRDPARTY_DIR)/redistsdks/Lua/5.1.4/", "$(HAVOK_THIRDPARTY_DIR)/redistsdks/fmod/4.44.23/inc", ); PRODUCT_NAME = "GamePlugin"; }; };

		5850010000000000020271 = { isa = XCConfigurationList; buildConfigurations = ( 1790450000000000020263, 2594580000000000020265, 9321030000000000020264, 3136680000000000020266, ); };
		9574200000000000020272 = { isa = XCConfigurationList; buildConfigurations = ( 7386570000000000020267, 9333570000000000020269, 1539230000000000020268, 5354060000000000020270, ); };

		/* Describes the target */
		
		9509630000000000020273 = { isa = PBXSourcesBuildPhase; buildActionMask = 2147483647; files = ( 5569750000000000020258, 2017660000000000020260, 5799980000000000020250, 2169330000000000020254, 7984900000000000020244, ); runOnlyForDeploymentPostprocessing = 0; };
		5262430000000000020274 = { isa = PBXFrameworksBuildPhase; buildActionMask = 2147483647; files = ( ); runOnlyForDeploymentPostprocessing = 0; };
		660930140686508600000131 = { isa = PBXNativeTarget; buildConfigurationList = 5850010000000000020271; buildPhases = ( 0839030000000000015223, 7844810000000000015273, 9582450000000000015534, 0029020000000000015601, 4717720000000000015675, 9345500000000000016450, 1042040000000000016755, 6054180000000000016900, 2787940000000000017030, 0808790000000000017155, 6998270000000000017407, 2521180000000000017640, 0703070000000000017855, 4512640000000000018191, 7665910000000000018454, 8648820000000000018884, 8955030000000000019036, 9779310000000000019249, 8790500000000000019374, 2112040000000000019498, 4755360000000000019622, 5500470000000000019746, 5952040000000000019874, 4584420000000000020002, 4881480000000000020136, 6830560000000000020236, 9509630000000000020273, 5262430000000000020274, 1745070000000000020238, 3759270000000000020240,  ); dependencies = (  ); name = libGamePlugin; productName = libGamePlugin; productReference = 512337140686508600000133 /* libGamePlugin */ ;productType = "com.apple.product-type.library.static";}; 
		
		/* Describes the project */
		5908950000000000020275 = { isa = PBXProject; projectDirPath = ""; projectRoot = ""; compatibilityVersion = "Xcode 3.2"; mainGroup = 6614850000000000020243; buildConfigurationList = 9574200000000000020272; projectReferences = ( );
 targets = ( 660930140686508600000131 ); };
	};
	
	rootObject = 5908950000000000020275 /* Project object */;
}
