// !$*UTF8*$!
{
	archiveVersion = 1;
	classes = {
	};
	objectVersion = 46;
	objects = {

/* Begin PBXBuildFile section */
		0787080000000000020153 /* Main.cpp in Sources */ = {isa = PBXBuildFile; fileRef = 5768950000000000020152 /* Main.cpp */; };
		0945860000000000020208 /* Default-Landscape@2x~ipad.png in Resources */ = {isa = PBXBuildFile; fileRef = 5902450000000000020207 /* Default-Landscape@2x~ipad.png */; };
		1027080000000000020226 /* Assets in Resources */ = {isa = PBXBuildFile; fileRef = 4367040000000000020225 /* Assets */; };
		1753960000000000020206 /* Icon-72.png in Resources */ = {isa = PBXBuildFile; fileRef = 1706280000000000020205 /* Icon-72.png */; };
		2460880000000000020214 /* Default-Portrait~ipad.png in Resources */ = {isa = PBXBuildFile; fileRef = 3274560000000000020213 /* Default-Portrait~ipad.png */; };
		2705200000000000020212 /* Default-Portrait@2x~ipad.png in Resources */ = {isa = PBXBuildFile; fileRef = 3859910000000000020211 /* Default-Portrait@2x~ipad.png */; };
		3A279B881955B28D00B45A02 /* CoreGraphics.framework in Frameworks */ = {isa = PBXBuildFile; fileRef = 3AB81B4D19549C2400F9D8C8 /* CoreGraphics.framework */; };
		3A279B891955B2D100B45A02 /* CoreText.framework in Frameworks */ = {isa = PBXBuildFile; fileRef = 3AB81B371954932900F9D8C8 /* CoreText.framework */; };
		3A279B8A1955B38400B45A02 /* Security.framework in Frameworks */ = {isa = PBXBuildFile; fileRef = 3AB81B3D1954934600F9D8C8 /* Security.framework */; };
		3A279B8B1955B3C100B45A02 /* CoreMotion.framework in Frameworks */ = {isa = PBXBuildFile; fileRef = 3AB81B351954932000F9D8C8 /* CoreMotion.framework */; };
		3A279B8C1955B4DA00B45A02 /* MediaPlayer.framework in Frameworks */ = {isa = PBXBuildFile; fileRef = 3AB81B391954933400F9D8C8 /* MediaPlayer.framework */; };
		3AB81B0C1954724100F9D8C8 /* VisAppDelegateIOS.m in Sources */ = {isa = PBXBuildFile; fileRef = 3AB81B011954724100F9D8C8 /* VisAppDelegateIOS.m */; };
		3AB81B0D1954724100F9D8C8 /* VisEAGLViewIOS.m in Sources */ = {isa = PBXBuildFile; fileRef = 3AB81B041954724100F9D8C8 /* VisEAGLViewIOS.m */; };
		3AB81B0E1954724100F9D8C8 /* VisMainIOS.m in Sources */ = {isa = PBXBuildFile; fileRef = 3AB81B051954724100F9D8C8 /* VisMainIOS.m */; };
		3AB81B0F1954724100F9D8C8 /* VisMainWindowIOS.xib in Resources */ = {isa = PBXBuildFile; fileRef = 3AB81B061954724100F9D8C8 /* VisMainWindowIOS.xib */; };
		3AB81B101954724100F9D8C8 /* VisUncaughtExceptionHandler.m in Sources */ = {isa = PBXBuildFile; fileRef = 3AB81B081954724100F9D8C8 /* VisUncaughtExceptionHandler.m */; };
		3AB81B111954724100F9D8C8 /* VisViewControllerIOS.m in Sources */ = {isa = PBXBuildFile; fileRef = 3AB81B0A1954724100F9D8C8 /* VisViewControllerIOS.m */; };
		3AB81B121954724100F9D8C8 /* VisViewControllerIOS.xib in Resources */ = {isa = PBXBuildFile; fileRef = 3AB81B0B1954724100F9D8C8 /* VisViewControllerIOS.xib */; };
		3AB81B151954725F00F9D8C8 /* ScoresAchievementsLuaAppPCH.cpp in Sources */ = {isa = PBXBuildFile; fileRef = 3AB81B131954725F00F9D8C8 /* ScoresAchievementsLuaAppPCH.cpp */; };
		3AB81B1D19548FFD00F9D8C8 /* UIKit.framework in Frameworks */ = {isa = PBXBuildFile; fileRef = 3AB81B1C19548FFD00F9D8C8 /* UIKit.framework */; };
		3AB81B201954906900F9D8C8 /* OpenGLES.framework in Frameworks */ = {isa = PBXBuildFile; fileRef = 3AB81B1E1954900500F9D8C8 /* OpenGLES.framework */; };
		3AB81B24195490CC00F9D8C8 /* gpg.framework in Frameworks */ = {isa = PBXBuildFile; fileRef = 3AB81B22195490CC00F9D8C8 /* gpg.framework */; };
		3AB81B28195490E400F9D8C8 /* GoogleOpenSource.framework in Frameworks */ = {isa = PBXBuildFile; fileRef = 3AB81B25195490E400F9D8C8 /* GoogleOpenSource.framework */; };
		3AB81B2A195490E400F9D8C8 /* GooglePlus.framework in Frameworks */ = {isa = PBXBuildFile; fileRef = 3AB81B27195490E400F9D8C8 /* GooglePlus.framework */; };
		3AB81B2E195492E400F9D8C8 /* AddressBook.framework in Frameworks */ = {isa = PBXBuildFile; fileRef = 3AB81B2D195492E400F9D8C8 /* AddressBook.framework */; };
		3AB81B30195492F300F9D8C8 /* AssetsLibrary.framework in Frameworks */ = {isa = PBXBuildFile; fileRef = 3AB81B2F195492F300F9D8C8 /* AssetsLibrary.framework */; };
		3AB81B321954930A00F9D8C8 /* CoreData.framework in Frameworks */ = {isa = PBXBuildFile; fileRef = 3AB81B311954930A00F9D8C8 /* CoreData.framework */; };
		3AB81B341954931400F9D8C8 /* CoreLocation.framework in Frameworks */ = {isa = PBXBuildFile; fileRef = 3AB81B331954931400F9D8C8 /* CoreLocation.framework */; };
		3AB81B4C19549B3C00F9D8C8 /* GooglePlayGames.bundle in Resources */ = {isa = PBXBuildFile; fileRef = 3AB81B4B19549B3C00F9D8C8 /* GooglePlayGames.bundle */; };
		3AB81B5019549ED300F9D8C8 /* gpg.bundle in Resources */ = {isa = PBXBuildFile; fileRef = 3AB81B4F19549ED200F9D8C8 /* gpg.bundle */; };
		4036150000000000020196 /* AudioToolbox.framework in Frameworks */ = {isa = PBXBuildFile; fileRef = 5143640000000000020195 /* AudioToolbox.framework */; };
		4320920000000000020210 /* Default-Landscape~ipad.png in Resources */ = {isa = PBXBuildFile; fileRef = 1487260000000000020209 /* Default-Landscape~ipad.png */; };
		4347760000000000020188 /* Foundation.framework in Frameworks */ = {isa = PBXBuildFile; fileRef = 1144040000000000020187 /* Foundation.framework */; };
		4579490000000000020224 /* Data in Resources */ = {isa = PBXBuildFile; fileRef = 7906830000000000020223 /* Data */; };
		4667500000000000020194 /* SystemConfiguration.framework in Frameworks */ = {isa = PBXBuildFile; fileRef = 0839450000000000020193 /* SystemConfiguration.framework */; };
		4899230000000000020202 /* Icon.png in Resources */ = {isa = PBXBuildFile; fileRef = 8838730000000000020197 /* Icon.png */; };
		4933630000000000020190 /* QuartzCore.framework in Frameworks */ = {isa = PBXBuildFile; fileRef = 7068940000000000020189 /* QuartzCore.framework */; };
		6023070000000000020218 /* Default@2x~iphone.png in Resources */ = {isa = PBXBuildFile; fileRef = 2007440000000000020217 /* Default@2x~iphone.png */; };
		9138070000000000020204 /* Icon@2x.png in Resources */ = {isa = PBXBuildFile; fileRef = 2706760000000000020203 /* Icon@2x.png */; };
		9255430000000000020216 /* Default-568h@2x~iphone.png in Resources */ = {isa = PBXBuildFile; fileRef = 3748090000000000020215 /* Default-568h@2x~iphone.png */; };
		9362640000000000020220 /* Default~iphone.png in Resources */ = {isa = PBXBuildFile; fileRef = 6886090000000000020219 /* Default~iphone.png */; };
		9845970000000000020192 /* CoreData.framework in Frameworks */ = {isa = PBXBuildFile; fileRef = 1621080000000000020191 /* CoreData.framework */; };
/* End PBXBuildFile section */

/* Begin PBXContainerItemProxy section */
		3A95B8771993A5CC00FE5A06 /* PBXContainerItemProxy */ = {
			isa = PBXContainerItemProxy;
			containerPortal = 3AB81B16195472E400F9D8C8 /* GamePlugin_ios_anarchy.xcodeproj */;
			proxyType = 1;
			remoteGlobalIDString = 908049140199985600000131;
			remoteInfo = libGamePlugin;
		};
		3AB81B1A195472E400F9D8C8 /* PBXContainerItemProxy */ = {
			isa = PBXContainerItemProxy;
			containerPortal = 3AB81B16195472E400F9D8C8 /* GamePlugin_ios_anarchy.xcodeproj */;
			proxyType = 2;
			remoteGlobalIDString = 3AB81A4519543B6000F9D8C8;
			remoteInfo = libGamePlugin;
		};
/* End PBXContainerItemProxy section */

/* Begin PBXFileReference section */
		0839450000000000020193 /* SystemConfiguration.framework */ = {isa = PBXFileReference; lastKnownFileType = wrapper.framework; name = SystemConfiguration.framework; path = System/Library/Frameworks/SystemConfiguration.framework; sourceTree = SDKROOT; };
		1144040000000000020187 /* Foundation.framework */ = {isa = PBXFileReference; lastKnownFileType = wrapper.framework; name = Foundation.framework; path = System/Library/Frameworks/Foundation.framework; sourceTree = SDKROOT; };
		1487260000000000020209 /* Default-Landscape~ipad.png */ = {isa = PBXFileReference; lastKnownFileType = image.png; path = "Default-Landscape~ipad.png"; sourceTree = "<group>"; };
		1621080000000000020191 /* CoreData.framework */ = {isa = PBXFileReference; lastKnownFileType = wrapper.framework; name = CoreData.framework; path = System/Library/Frameworks/CoreData.framework; sourceTree = SDKROOT; };
		1706280000000000020205 /* Icon-72.png */ = {isa = PBXFileReference; lastKnownFileType = image.png; path = "Icon-72.png"; sourceTree = "<group>"; };
		2007440000000000020217 /* Default@2x~iphone.png */ = {isa = PBXFileReference; lastKnownFileType = image.png; path = "Default@2x~iphone.png"; sourceTree = "<group>"; };
		2668990000000000020221 /* Samples-Info.plist */ = {isa = PBXFileReference; lastKnownFileType = text.plist.xml; path = "Samples-Info.plist"; sourceTree = "<group>"; };
		2706760000000000020203 /* Icon@2x.png */ = {isa = PBXFileReference; lastKnownFileType = image.png; path = "Icon@2x.png"; sourceTree = "<group>"; };
		3274560000000000020213 /* Default-Portrait~ipad.png */ = {isa = PBXFileReference; lastKnownFileType = image.png; path = "Default-Portrait~ipad.png"; sourceTree = "<group>"; };
		3748090000000000020215 /* Default-568h@2x~iphone.png */ = {isa = PBXFileReference; lastKnownFileType = image.png; path = "Default-568h@2x~iphone.png"; sourceTree = "<group>"; };
		3859910000000000020211 /* Default-Portrait@2x~ipad.png */ = {isa = PBXFileReference; lastKnownFileType = image.png; path = "Default-Portrait@2x~ipad.png"; sourceTree = "<group>"; };
		3AB81AE919546E7E00F9D8C8 /* GameApplication.app */ = {isa = PBXFileReference; explicitFileType = wrapper.application; includeInIndex = 0; path = GameApplication.app; sourceTree = BUILT_PRODUCTS_DIR; };
		3AB81B001954724100F9D8C8 /* VisAppDelegateIOS.h */ = {isa = PBXFileReference; fileEncoding = 4; lastKnownFileType = sourcecode.c.h; path = VisAppDelegateIOS.h; sourceTree = "<group>"; };
		3AB81B011954724100F9D8C8 /* VisAppDelegateIOS.m */ = {isa = PBXFileReference; fileEncoding = 4; lastKnownFileType = sourcecode.c.objc; path = VisAppDelegateIOS.m; sourceTree = "<group>"; };
		3AB81B021954724100F9D8C8 /* VisAppSettings.h */ = {isa = PBXFileReference; fileEncoding = 4; lastKnownFileType = sourcecode.c.h; path = VisAppSettings.h; sourceTree = "<group>"; };
		3AB81B031954724100F9D8C8 /* VisEAGLViewIOS.h */ = {isa = PBXFileReference; fileEncoding = 4; lastKnownFileType = sourcecode.c.h; path = VisEAGLViewIOS.h; sourceTree = "<group>"; };
		3AB81B041954724100F9D8C8 /* VisEAGLViewIOS.m */ = {isa = PBXFileReference; fileEncoding = 4; lastKnownFileType = sourcecode.c.objc; path = VisEAGLViewIOS.m; sourceTree = "<group>"; };
		3AB81B051954724100F9D8C8 /* VisMainIOS.m */ = {isa = PBXFileReference; fileEncoding = 4; lastKnownFileType = sourcecode.c.objc; path = VisMainIOS.m; sourceTree = "<group>"; };
		3AB81B061954724100F9D8C8 /* VisMainWindowIOS.xib */ = {isa = PBXFileReference; fileEncoding = 4; lastKnownFileType = file.xib; path = VisMainWindowIOS.xib; sourceTree = "<group>"; };
		3AB81B071954724100F9D8C8 /* VisUncaughtExceptionHandler.h */ = {isa = PBXFileReference; fileEncoding = 4; lastKnownFileType = sourcecode.c.h; path = VisUncaughtExceptionHandler.h; sourceTree = "<group>"; };
		3AB81B081954724100F9D8C8 /* VisUncaughtExceptionHandler.m */ = {isa = PBXFileReference; fileEncoding = 4; lastKnownFileType = sourcecode.c.objc; path = VisUncaughtExceptionHandler.m; sourceTree = "<group>"; };
		3AB81B091954724100F9D8C8 /* VisViewControllerIOS.h */ = {isa = PBXFileReference; fileEncoding = 4; lastKnownFileType = sourcecode.c.h; path = VisViewControllerIOS.h; sourceTree = "<group>"; };
		3AB81B0A1954724100F9D8C8 /* VisViewControllerIOS.m */ = {isa = PBXFileReference; fileEncoding = 4; lastKnownFileType = sourcecode.c.objc; path = VisViewControllerIOS.m; sourceTree = "<group>"; };
		3AB81B0B1954724100F9D8C8 /* VisViewControllerIOS.xib */ = {isa = PBXFileReference; fileEncoding = 4; lastKnownFileType = file.xib; path = VisViewControllerIOS.xib; sourceTree = "<group>"; };
		3AB81B131954725F00F9D8C8 /* ScoresAchievementsLuaAppPCH.cpp */ = {isa = PBXFileReference; fileEncoding = 4; lastKnownFileType = sourcecode.cpp.cpp; path = ScoresAchievementsLuaAppPCH.cpp; sourceTree = "<group>"; };
		3AB81B141954725F00F9D8C8 /* ScoresAchievementsLuaAppPCH.h */ = {isa = PBXFileReference; fileEncoding = 4; lastKnownFileType = sourcecode.c.h; path = ScoresAchievementsLuaAppPCH.h; sourceTree = "<group>"; };
		3AB81B16195472E400F9D8C8 /* GamePlugin_ios_anarchy.xcodeproj */ = {isa = PBXFileReference; lastKnownFileType = "wrapper.pb-project"; name = GamePlugin_ios_anarchy.xcodeproj; path = ../ScoresAchievementsLuaEnginePlugin/GamePlugin_ios_anarchy.xcodeproj; sourceTree = "<group>"; };
		3AB81B1C19548FFD00F9D8C8 /* UIKit.framework */ = {isa = PBXFileReference; lastKnownFileType = wrapper.framework; name = UIKit.framework; path = Platforms/iPhoneOS.platform/Developer/SDKs/iPhoneOS7.1.sdk/System/Library/Frameworks/UIKit.framework; sourceTree = DEVELOPER_DIR; };
		3AB81B1E1954900500F9D8C8 /* OpenGLES.framework */ = {isa = PBXFileReference; lastKnownFileType = wrapper.framework; name = OpenGLES.framework; path = Platforms/iPhoneOS.platform/Developer/SDKs/iPhoneOS7.1.sdk/System/Library/Frameworks/OpenGLES.framework; sourceTree = DEVELOPER_DIR; };
		3AB81B21195490CC00F9D8C8 /* gpg.bundle */ = {isa = PBXFileReference; lastKnownFileType = "wrapper.plug-in"; name = gpg.bundle; path = "../../../../../../../Havok/AnarchySDK/ThirdParty/plugins/cloud-connection/ThirdParty/redistsdks/gpg-cpp-sdk/V1.0/ios/gpg.bundle"; sourceTree = "<group>"; };
		3AB81B22195490CC00F9D8C8 /* gpg.framework */ = {isa = PBXFileReference; lastKnownFileType = wrapper.framework; name = gpg.framework; path = "../../../../../../../Havok/AnarchySDK/ThirdParty/plugins/cloud-connection/ThirdParty/redistsdks/gpg-cpp-sdk/V1.0/ios/gpg.framework"; sourceTree = "<group>"; };
		3AB81B25195490E400F9D8C8 /* GoogleOpenSource.framework */ = {isa = PBXFileReference; lastKnownFileType = wrapper.framework; name = GoogleOpenSource.framework; path = "../../../../../../../Havok/AnarchySDK/ThirdParty/plugins/cloud-connection/ThirdParty/redistsdks/google-plus-ios-sdk/V1.5.1/GoogleOpenSource.framework"; sourceTree = "<group>"; };
		3AB81B26195490E400F9D8C8 /* GooglePlus.bundle */ = {isa = PBXFileReference; lastKnownFileType = "wrapper.plug-in"; name = GooglePlus.bundle; path = "../../../../../../../Havok/AnarchySDK/ThirdParty/plugins/cloud-connection/ThirdParty/redistsdks/google-plus-ios-sdk/V1.5.1/GooglePlus.bundle"; sourceTree = "<group>"; };
		3AB81B27195490E400F9D8C8 /* GooglePlus.framework */ = {isa = PBXFileReference; lastKnownFileType = wrapper.framework; name = GooglePlus.framework; path = "../../../../../../../Havok/AnarchySDK/ThirdParty/plugins/cloud-connection/ThirdParty/redistsdks/google-plus-ios-sdk/V1.5.1/GooglePlus.framework"; sourceTree = "<group>"; };
		3AB81B2D195492E400F9D8C8 /* AddressBook.framework */ = {isa = PBXFileReference; lastKnownFileType = wrapper.framework; name = AddressBook.framework; path = Platforms/iPhoneOS.platform/Developer/SDKs/iPhoneOS7.1.sdk/System/Library/Frameworks/AddressBook.framework; sourceTree = DEVELOPER_DIR; };
		3AB81B2F195492F300F9D8C8 /* AssetsLibrary.framework */ = {isa = PBXFileReference; lastKnownFileType = wrapper.framework; name = AssetsLibrary.framework; path = Platforms/iPhoneOS.platform/Developer/SDKs/iPhoneOS7.1.sdk/System/Library/Frameworks/AssetsLibrary.framework; sourceTree = DEVELOPER_DIR; };
		3AB81B311954930A00F9D8C8 /* CoreData.framework */ = {isa = PBXFileReference; lastKnownFileType = wrapper.framework; name = CoreData.framework; path = Platforms/iPhoneOS.platform/Developer/SDKs/iPhoneOS7.1.sdk/System/Library/Frameworks/CoreData.framework; sourceTree = DEVELOPER_DIR; };
		3AB81B331954931400F9D8C8 /* CoreLocation.framework */ = {isa = PBXFileReference; lastKnownFileType = wrapper.framework; name = CoreLocation.framework; path = Platforms/iPhoneOS.platform/Developer/SDKs/iPhoneOS7.1.sdk/System/Library/Frameworks/CoreLocation.framework; sourceTree = DEVELOPER_DIR; };
		3AB81B351954932000F9D8C8 /* CoreMotion.framework */ = {isa = PBXFileReference; lastKnownFileType = wrapper.framework; name = CoreMotion.framework; path = Platforms/iPhoneOS.platform/Developer/SDKs/iPhoneOS7.1.sdk/System/Library/Frameworks/CoreMotion.framework; sourceTree = DEVELOPER_DIR; };
		3AB81B371954932900F9D8C8 /* CoreText.framework */ = {isa = PBXFileReference; lastKnownFileType = wrapper.framework; name = CoreText.framework; path = Platforms/iPhoneOS.platform/Developer/SDKs/iPhoneOS7.1.sdk/System/Library/Frameworks/CoreText.framework; sourceTree = DEVELOPER_DIR; };
		3AB81B391954933400F9D8C8 /* MediaPlayer.framework */ = {isa = PBXFileReference; lastKnownFileType = wrapper.framework; name = MediaPlayer.framework; path = Platforms/iPhoneOS.platform/Developer/SDKs/iPhoneOS7.1.sdk/System/Library/Frameworks/MediaPlayer.framework; sourceTree = DEVELOPER_DIR; };
		3AB81B3B1954933D00F9D8C8 /* QuartzCore.framework */ = {isa = PBXFileReference; lastKnownFileType = wrapper.framework; name = QuartzCore.framework; path = Platforms/iPhoneOS.platform/Developer/SDKs/iPhoneOS7.1.sdk/System/Library/Frameworks/QuartzCore.framework; sourceTree = DEVELOPER_DIR; };
		3AB81B3D1954934600F9D8C8 /* Security.framework */ = {isa = PBXFileReference; lastKnownFileType = wrapper.framework; name = Security.framework; path = Platforms/iPhoneOS.platform/Developer/SDKs/iPhoneOS7.1.sdk/System/Library/Frameworks/Security.framework; sourceTree = DEVELOPER_DIR; };
		3AB81B3F1954935100F9D8C8 /* SystemConfiguration.framework */ = {isa = PBXFileReference; lastKnownFileType = wrapper.framework; name = SystemConfiguration.framework; path = Platforms/iPhoneOS.platform/Developer/SDKs/iPhoneOS7.1.sdk/System/Library/Frameworks/SystemConfiguration.framework; sourceTree = DEVELOPER_DIR; };
		3AB81B411954935B00F9D8C8 /* libc++.dylib */ = {isa = PBXFileReference; lastKnownFileType = "compiled.mach-o.dylib"; name = "libc++.dylib"; path = "Platforms/iPhoneOS.platform/Developer/SDKs/iPhoneOS7.1.sdk/usr/lib/libc++.dylib"; sourceTree = DEVELOPER_DIR; };
		3AB81B431954970F00F9D8C8 /* GooglePlayGames.framework */ = {isa = PBXFileReference; lastKnownFileType = wrapper.framework; name = GooglePlayGames.framework; path = "../../../../../../../Havok/AnarchySDK/ThirdParty/plugins/cloud-connection/ThirdParty/redistsdks/GooglePlayGames-iOS-SDK/2.0.2/GooglePlayGames.framework"; sourceTree = "<group>"; };
		3AB81B441954970F00F9D8C8 /* GooglePlayGames.bundle */ = {isa = PBXFileReference; lastKnownFileType = "wrapper.plug-in"; name = GooglePlayGames.bundle; path = "../../../../../../../Havok/AnarchySDK/ThirdParty/plugins/cloud-connection/ThirdParty/redistsdks/GooglePlayGames-iOS-SDK/2.0.2/GooglePlayGames.bundle"; sourceTree = "<group>"; };
		3AB81B471954991900F9D8C8 /* libz.dylib */ = {isa = PBXFileReference; lastKnownFileType = "compiled.mach-o.dylib"; name = libz.dylib; path = Platforms/iPhoneOS.platform/Developer/SDKs/iPhoneOS7.1.sdk/usr/lib/libz.dylib; sourceTree = DEVELOPER_DIR; };
		3AB81B491954995E00F9D8C8 /* GLKit.framework */ = {isa = PBXFileReference; lastKnownFileType = wrapper.framework; name = GLKit.framework; path = Platforms/iPhoneOS.platform/Developer/SDKs/iPhoneOS7.1.sdk/System/Library/Frameworks/GLKit.framework; sourceTree = DEVELOPER_DIR; };
		3AB81B4B19549B3C00F9D8C8 /* GooglePlayGames.bundle */ = {isa = PBXFileReference; lastKnownFileType = "wrapper.plug-in"; name = GooglePlayGames.bundle; path = "../../../../../../../Havok/AnarchySDK/ThirdParty/plugins/cloud-connection/ThirdParty/redistsdks/GooglePlayGames-iOS-SDK/2.0.2/GooglePlayGames.bundle"; sourceTree = "<group>"; };
		3AB81B4D19549C2400F9D8C8 /* CoreGraphics.framework */ = {isa = PBXFileReference; lastKnownFileType = wrapper.framework; name = CoreGraphics.framework; path = Platforms/iPhoneOS.platform/Developer/SDKs/iPhoneOS7.1.sdk/System/Library/Frameworks/CoreGraphics.framework; sourceTree = DEVELOPER_DIR; };
		3AB81B4F19549ED200F9D8C8 /* gpg.bundle */ = {isa = PBXFileReference; lastKnownFileType = "wrapper.plug-in"; name = gpg.bundle; path = "../../../../../../../Havok/AnarchySDK/ThirdParty/plugins/cloud-connection/ThirdParty/redistsdks/gpg-cpp-sdk/V1.0/ios/gpg.bundle"; sourceTree = "<group>"; };
		4367040000000000020225 /* Assets */ = {isa = PBXFileReference; lastKnownFileType = folder; path = Assets; sourceTree = "<group>"; };
		5143640000000000020195 /* AudioToolbox.framework */ = {isa = PBXFileReference; lastKnownFileType = wrapper.framework; name = AudioToolbox.framework; path = System/Library/Frameworks/AudioToolbox.framework; sourceTree = SDKROOT; };
		5768950000000000020152 /* Main.cpp */ = {isa = PBXFileReference; lastKnownFileType = sourcecode.cpp.cpp; path = Main.cpp; sourceTree = "<group>"; };
		5902450000000000020207 /* Default-Landscape@2x~ipad.png */ = {isa = PBXFileReference; lastKnownFileType = image.png; path = "Default-Landscape@2x~ipad.png"; sourceTree = "<group>"; };
		6886090000000000020219 /* Default~iphone.png */ = {isa = PBXFileReference; lastKnownFileType = image.png; path = "Default~iphone.png"; sourceTree = "<group>"; };
		7068940000000000020189 /* QuartzCore.framework */ = {isa = PBXFileReference; lastKnownFileType = wrapper.framework; name = QuartzCore.framework; path = System/Library/Frameworks/QuartzCore.framework; sourceTree = SDKROOT; };
		7906830000000000020223 /* Data */ = {isa = PBXFileReference; lastKnownFileType = folder; path = Data; sourceTree = "<group>"; };
		8838730000000000020197 /* Icon.png */ = {isa = PBXFileReference; lastKnownFileType = image.png; path = Icon.png; sourceTree = "<group>"; };
/* End PBXFileReference section */

/* Begin PBXFrameworksBuildPhase section */
		1887680000000000020244 /* Frameworks */ = {
			isa = PBXFrameworksBuildPhase;
			buildActionMask = 2147483647;
			files = (
				3A279B8C1955B4DA00B45A02 /* MediaPlayer.framework in Frameworks */,
				3A279B8B1955B3C100B45A02 /* CoreMotion.framework in Frameworks */,
				3A279B8A1955B38400B45A02 /* Security.framework in Frameworks */,
				3A279B891955B2D100B45A02 /* CoreText.framework in Frameworks */,
				3A279B881955B28D00B45A02 /* CoreGraphics.framework in Frameworks */,
				3AB81B341954931400F9D8C8 /* CoreLocation.framework in Frameworks */,
				3AB81B321954930A00F9D8C8 /* CoreData.framework in Frameworks */,
				3AB81B30195492F300F9D8C8 /* AssetsLibrary.framework in Frameworks */,
				3AB81B2E195492E400F9D8C8 /* AddressBook.framework in Frameworks */,
				3AB81B28195490E400F9D8C8 /* GoogleOpenSource.framework in Frameworks */,
				3AB81B2A195490E400F9D8C8 /* GooglePlus.framework in Frameworks */,
				3AB81B24195490CC00F9D8C8 /* gpg.framework in Frameworks */,
				3AB81B201954906900F9D8C8 /* OpenGLES.framework in Frameworks */,
				3AB81B1D19548FFD00F9D8C8 /* UIKit.framework in Frameworks */,
				4933630000000000020190 /* QuartzCore.framework in Frameworks */,
				4036150000000000020196 /* AudioToolbox.framework in Frameworks */,
				4667500000000000020194 /* SystemConfiguration.framework in Frameworks */,
				9845970000000000020192 /* CoreData.framework in Frameworks */,
				4347760000000000020188 /* Foundation.framework in Frameworks */,
			);
			runOnlyForDeploymentPostprocessing = 0;
		};
/* End PBXFrameworksBuildPhase section */

/* Begin PBXGroup section */
		0794370000000000020200 /* Common */ = {
			isa = PBXGroup;
			children = (
				3609690000000000020199 /* iOS */,
			);
			path = Common;
			sourceTree = "<group>";
		};
		2166000000000000020201 /* ../../Data */ = {
			isa = PBXGroup;
			children = (
				0794370000000000020200 /* Common */,
			);
			path = ../../Data;
			sourceTree = "<group>";
		};
		2727100000000000020198 /* Resources */ = {
			isa = PBXGroup;
			children = (
				8838730000000000020197 /* Icon.png */,
				2706760000000000020203 /* Icon@2x.png */,
				1706280000000000020205 /* Icon-72.png */,
				5902450000000000020207 /* Default-Landscape@2x~ipad.png */,
				1487260000000000020209 /* Default-Landscape~ipad.png */,
				3859910000000000020211 /* Default-Portrait@2x~ipad.png */,
				3274560000000000020213 /* Default-Portrait~ipad.png */,
				3748090000000000020215 /* Default-568h@2x~iphone.png */,
				2007440000000000020217 /* Default@2x~iphone.png */,
				6886090000000000020219 /* Default~iphone.png */,
			);
			path = Resources;
			sourceTree = "<group>";
		};
		3609690000000000020199 /* iOS */ = {
			isa = PBXGroup;
			children = (
				2727100000000000020198 /* Resources */,
				2668990000000000020221 /* Samples-Info.plist */,
			);
			path = iOS;
			sourceTree = "<group>";
		};
		3AB81AEA19546E7E00F9D8C8 /* Products */ = {
			isa = PBXGroup;
			children = (
				3AB81AE919546E7E00F9D8C8 /* GameApplication.app */,
			);
			name = Products;
			sourceTree = "<group>";
		};
		3AB81AFF1954724100F9D8C8 /* iOS */ = {
			isa = PBXGroup;
			children = (
				3AB81B001954724100F9D8C8 /* VisAppDelegateIOS.h */,
				3AB81B011954724100F9D8C8 /* VisAppDelegateIOS.m */,
				3AB81B021954724100F9D8C8 /* VisAppSettings.h */,
				3AB81B031954724100F9D8C8 /* VisEAGLViewIOS.h */,
				3AB81B041954724100F9D8C8 /* VisEAGLViewIOS.m */,
				3AB81B051954724100F9D8C8 /* VisMainIOS.m */,
				3AB81B061954724100F9D8C8 /* VisMainWindowIOS.xib */,
				3AB81B071954724100F9D8C8 /* VisUncaughtExceptionHandler.h */,
				3AB81B081954724100F9D8C8 /* VisUncaughtExceptionHandler.m */,
				3AB81B091954724100F9D8C8 /* VisViewControllerIOS.h */,
				3AB81B0A1954724100F9D8C8 /* VisViewControllerIOS.m */,
				3AB81B0B1954724100F9D8C8 /* VisViewControllerIOS.xib */,
			);
			name = iOS;
			path = platform/iOS;
			sourceTree = "<group>";
		};
		3AB81B17195472E400F9D8C8 /* Products */ = {
			isa = PBXGroup;
			children = (
				3AB81B1B195472E400F9D8C8 /* libGamePlugin.a */,
			);
			name = Products;
			sourceTree = "<group>";
		};
		7453920000000000020148 /* Products */ = {
			isa = PBXGroup;
			children = (
				3AB81B4F19549ED200F9D8C8 /* gpg.bundle */,
				3AB81B4D19549C2400F9D8C8 /* CoreGraphics.framework */,
				3AB81B4B19549B3C00F9D8C8 /* GooglePlayGames.bundle */,
				3AB81B491954995E00F9D8C8 /* GLKit.framework */,
				3AB81B471954991900F9D8C8 /* libz.dylib */,
				3AB81B431954970F00F9D8C8 /* GooglePlayGames.framework */,
				3AB81B441954970F00F9D8C8 /* GooglePlayGames.bundle */,
				3AB81B411954935B00F9D8C8 /* libc++.dylib */,
				3AB81B3F1954935100F9D8C8 /* SystemConfiguration.framework */,
				3AB81B3D1954934600F9D8C8 /* Security.framework */,
				3AB81B3B1954933D00F9D8C8 /* QuartzCore.framework */,
				3AB81B391954933400F9D8C8 /* MediaPlayer.framework */,
				3AB81B371954932900F9D8C8 /* CoreText.framework */,
				3AB81B351954932000F9D8C8 /* CoreMotion.framework */,
				3AB81B331954931400F9D8C8 /* CoreLocation.framework */,
				3AB81B311954930A00F9D8C8 /* CoreData.framework */,
				3AB81B2F195492F300F9D8C8 /* AssetsLibrary.framework */,
				3AB81B2D195492E400F9D8C8 /* AddressBook.framework */,
				3AB81B25195490E400F9D8C8 /* GoogleOpenSource.framework */,
				3AB81B26195490E400F9D8C8 /* GooglePlus.bundle */,
				3AB81B27195490E400F9D8C8 /* GooglePlus.framework */,
				3AB81B21195490CC00F9D8C8 /* gpg.bundle */,
				3AB81B22195490CC00F9D8C8 /* gpg.framework */,
				5768950000000000020152 /* Main.cpp */,
				3AB81B131954725F00F9D8C8 /* ScoresAchievementsLuaAppPCH.cpp */,
				3AB81B141954725F00F9D8C8 /* ScoresAchievementsLuaAppPCH.h */,
				3AB81B16195472E400F9D8C8 /* GamePlugin_ios_anarchy.xcodeproj */,
				3AB81AFF1954724100F9D8C8 /* iOS */,
				1144040000000000020187 /* Foundation.framework */,
				7068940000000000020189 /* QuartzCore.framework */,
				1621080000000000020191 /* CoreData.framework */,
				0839450000000000020193 /* SystemConfiguration.framework */,
				5143640000000000020195 /* AudioToolbox.framework */,
				2166000000000000020201 /* ../../Data */,
				7906830000000000020223 /* Data */,
				4367040000000000020225 /* Assets */,
				3AB81AEA19546E7E00F9D8C8 /* Products */,
				3AB81B1E1954900500F9D8C8 /* OpenGLES.framework */,
				3AB81B1C19548FFD00F9D8C8 /* UIKit.framework */,
			);
			name = Products;
			sourceTree = "<group>";
		};
/* End PBXGroup section */

/* Begin PBXNativeTarget section */
		398331140199985600000132 /* GameApplication */ = {
			isa = PBXNativeTarget;
			buildConfigurationList = 1768280000000000020239 /* Build configuration list for PBXNativeTarget "GameApplication" */;
			buildPhases = (
				6333780000000000020241 /* Making symlinks to resources.... */,
				4680670000000000020242 /* Sources */,
				1887680000000000020244 /* Frameworks */,
				2076720000000000020243 /* Resources */,
				4878200000000000020245 /* Copy resources to bundle.... */,
			);
			buildRules = (
			);
			dependencies = (
				3A95B8781993A5CC00FE5A06 /* PBXTargetDependency */,
			);
			name = GameApplication;
			productName = GameApplication;
			productReference = 3AB81AE919546E7E00F9D8C8 /* GameApplication.app */;
			productType = "com.apple.product-type.application";
		};
/* End PBXNativeTarget section */

/* Begin PBXProject section */
		0128130000000000020246 /* Project object */ = {
			isa = PBXProject;
			attributes = {
				TargetAttributes = {
					398331140199985600000132 = {
						DevelopmentTeam = M4KR2DSUUG;
					};
				};
			};
			buildConfigurationList = 9432170000000000020240 /* Build configuration list for PBXProject "GameApplication_ios_anarchy" */;
			compatibilityVersion = "Xcode 3.2";
			developmentRegion = English;
			hasScannedForEncodings = 0;
			knownRegions = (
				en,
			);
			mainGroup = 7453920000000000020148 /* Products */;
			productRefGroup = 3AB81AEA19546E7E00F9D8C8 /* Products */;
			projectDirPath = "";
			projectReferences = (
				{
					ProductGroup = 3AB81B17195472E400F9D8C8 /* Products */;
					ProjectRef = 3AB81B16195472E400F9D8C8 /* GamePlugin_ios_anarchy.xcodeproj */;
				},
			);
			projectRoot = "";
			targets = (
				398331140199985600000132 /* GameApplication */,
			);
		};
/* End PBXProject section */

/* Begin PBXReferenceProxy section */
		3AB81B1B195472E400F9D8C8 /* libGamePlugin.a */ = {
			isa = PBXReferenceProxy;
			fileType = archive.ar;
			path = libGamePlugin.a;
			remoteRef = 3AB81B1A195472E400F9D8C8 /* PBXContainerItemProxy */;
			sourceTree = BUILT_PRODUCTS_DIR;
		};
/* End PBXReferenceProxy section */

/* Begin PBXResourcesBuildPhase section */
		2076720000000000020243 /* Resources */ = {
			isa = PBXResourcesBuildPhase;
			buildActionMask = 2147483647;
			files = (
				3AB81B5019549ED300F9D8C8 /* gpg.bundle in Resources */,
				3AB81B4C19549B3C00F9D8C8 /* GooglePlayGames.bundle in Resources */,
				6023070000000000020218 /* Default@2x~iphone.png in Resources */,
				2460880000000000020214 /* Default-Portrait~ipad.png in Resources */,
				1027080000000000020226 /* Assets in Resources */,
				3AB81B0F1954724100F9D8C8 /* VisMainWindowIOS.xib in Resources */,
				9255430000000000020216 /* Default-568h@2x~iphone.png in Resources */,
				3AB81B121954724100F9D8C8 /* VisViewControllerIOS.xib in Resources */,
				9362640000000000020220 /* Default~iphone.png in Resources */,
				2705200000000000020212 /* Default-Portrait@2x~ipad.png in Resources */,
				1753960000000000020206 /* Icon-72.png in Resources */,
				4579490000000000020224 /* Data in Resources */,
				4899230000000000020202 /* Icon.png in Resources */,
				9138070000000000020204 /* Icon@2x.png in Resources */,
				4320920000000000020210 /* Default-Landscape~ipad.png in Resources */,
				0945860000000000020208 /* Default-Landscape@2x~ipad.png in Resources */,
			);
			runOnlyForDeploymentPostprocessing = 0;
		};
/* End PBXResourcesBuildPhase section */

/* Begin PBXShellScriptBuildPhase section */
		4878200000000000020245 /* Copy resources to bundle.... */ = {
			isa = PBXShellScriptBuildPhase;
			buildActionMask = 2147483647;
			files = (
			);
			inputPaths = (
			);
			name = "Copy resources to bundle....";
			outputPaths = (
			);
			runOnlyForDeploymentPostprocessing = 0;
			shellPath = /bin/sh;
			shellScript = "python $VISION_SDK/Build/StandaloneTools/Deployment/Python/copyiOSResources.py -d $BUILT_PRODUCTS_DIR/$CONTENTS_FOLDER_PATH -r Data -r Assets";
		};
		6333780000000000020241 /* Making symlinks to resources.... */ = {
			isa = PBXShellScriptBuildPhase;
			buildActionMask = 2147483647;
			files = (
			);
			inputPaths = (
			);
			name = "Making symlinks to resources....";
			outputPaths = (
			);
			runOnlyForDeploymentPostprocessing = 0;
			shellPath = /bin/sh;
			shellScript = "python $VISION_SDK/Build/StandaloneTools/Deployment/Python/linkiOSResources.py -r ../../Data/Vision/Base/ Data/Vision/Base/ -r ../../Assets/ Assets/ -l $CONFIGURATION";
		};
/* End PBXShellScriptBuildPhase section */

/* Begin PBXSourcesBuildPhase section */
		4680670000000000020242 /* Sources */ = {
			isa = PBXSourcesBuildPhase;
			buildActionMask = 2147483647;
			files = (
				3AB81B101954724100F9D8C8 /* VisUncaughtExceptionHandler.m in Sources */,
				3AB81B151954725F00F9D8C8 /* ScoresAchievementsLuaAppPCH.cpp in Sources */,
				3AB81B0D1954724100F9D8C8 /* VisEAGLViewIOS.m in Sources */,
				3AB81B111954724100F9D8C8 /* VisViewControllerIOS.m in Sources */,
				0787080000000000020153 /* Main.cpp in Sources */,
				3AB81B0E1954724100F9D8C8 /* VisMainIOS.m in Sources */,
				3AB81B0C1954724100F9D8C8 /* VisAppDelegateIOS.m in Sources */,
			);
			runOnlyForDeploymentPostprocessing = 0;
		};
/* End PBXSourcesBuildPhase section */

/* Begin PBXTargetDependency section */
		3A95B8781993A5CC00FE5A06 /* PBXTargetDependency */ = {
			isa = PBXTargetDependency;
			name = libGamePlugin;
			targetProxy = 3A95B8771993A5CC00FE5A06 /* PBXContainerItemProxy */;
		};
/* End PBXTargetDependency section */

/* Begin XCBuildConfiguration section */
		2606070000000000020237 /* distrib */ = {
			isa = XCBuildConfiguration;
			buildSettings = {
				CONFIGURATION_BUILD_DIR = "$(BUILD_DIR)";
				CONFIGURATION_TEMP_DIR = "$(PROJECT_TEMP_DIR)/$(CONFIGURATION)$";
				HEADER_SEARCH_PATHS = (
					../../../../../../../../../../../../Source,
					../../../../../..,
					"$(VISION_SDK)/Source",
					"$(HAVOK_THIRDPARTY_DIR)/redistsdks/Lua/5.1.4/",
					./../../../../../../../Source,
					"$(HAVOK_THIRDPARTY_DIR)/redistsdks/fmod/4.44.23/inc",
				);
				OBJROOT = ../../Obj/ios_xcode_anarchy/distrib/GameApplication;
				PRODUCT_NAME = GameApplication;
				SYMROOT = ../../Bin/ios_xcode_anarchy/distrib;
			};
			name = distrib;
		};
		2856020000000000020238 /* release */ = {
			isa = XCBuildConfiguration;
			buildSettings = {
				CONFIGURATION_BUILD_DIR = "$(BUILD_DIR)";
				CONFIGURATION_TEMP_DIR = "$(PROJECT_TEMP_DIR)/$(CONFIGURATION)$";
				HEADER_SEARCH_PATHS = (
					../../../../../../../../../../../../Source,
					../../../../../..,
					"$(VISION_SDK)/Source",
					"$(HAVOK_THIRDPARTY_DIR)/redistsdks/Lua/5.1.4/",
					./../../../../../../../Source,
					"$(HAVOK_THIRDPARTY_DIR)/redistsdks/fmod/4.44.23/inc",
				);
				OBJROOT = ../../Obj/ios_xcode_anarchy/release/GameApplication;
				PRODUCT_NAME = GameApplication;
				SYMROOT = ../../Bin/ios_xcode_anarchy/release;
			};
			name = release;
		};
		3174300000000000020231 /* debug */ = {
			isa = XCBuildConfiguration;
			buildSettings = {
				ARCHS = armv7;
				CLANG_CXX_LANGUAGE_STANDARD = "gnu++0x";
				CLANG_CXX_LIBRARY = "libc++";
				CODE_SIGN_IDENTITY = "iPhone Developer";
				"CODE_SIGN_IDENTITY[sdk=iphoneos*]" = "iPhone Developer";
				COMPRESS_PNG_FILES = NO;
				DEBUG_INFORMATION_FORMAT = dwarf;
				FRAMEWORK_SEARCH_PATHS = (
					"$(inherited)",
					"/Havok/AnarchySDK/ThirdParty/plugins/cloud-connection/ThirdParty/redistsdks/gpg-cpp-sdk/V1.0/ios",
					"/Havok/AnarchySDK/ThirdParty/plugins/cloud-connection/ThirdParty/redistsdks/google-plus-ios-sdk/V1.5.1",
					"/Havok/AnarchySDK/ThirdParty/plugins/cloud-connection/ThirdParty/redistsdks/GooglePlayGames-iOS-SDK/2.0.2",
				);
				GCC_ENABLE_CPP_EXCEPTIONS = NO;
				GCC_ENABLE_CPP_RTTI = YES;
				GCC_ENABLE_SYMBOL_SEPARATION = NO;
				GCC_GENERATE_DEBUGGING_SYMBOLS = YES;
				GCC_INLINES_ARE_PRIVATE_EXTERN = YES;
				GCC_OPTIMIZATION_LEVEL = 0;
				GCC_PRECOMPILE_PREFIX_HEADER = NO;
				GCC_PREPROCESSOR_DEFINITIONS_NOT_USED_IN_PRECOMPS = (
					HK_ANARCHY,
					PROFILING,
					_VISION_IOS,
					_VISION_POSIX,
					_VR_GLES2,
					VBASE_LIB,
					LINK_WITH_VISION,
					VISIONDLL_LIB,
					USE_HAVOK,
					CURL_STATICLIB,
				);
				GCC_STRICT_ALIASING = NO;
				GCC_SYMBOLS_PRIVATE_EXTERN = NO;
				GCC_THUMB_SUPPORT = NO;
				GCC_USE_GCC3_PFE_SUPPORT = NO;
				GCC_VERSION = com.apple.compilers.llvm.clang.1_0;
				GCC_WARN_ABOUT_INVALID_OFFSETOF_MACRO = NO;
				HEADER_SEARCH_PATHS = (
					../../../../../../../../../../../../Source,
					../../../../../..,
					"$(VISION_SDK)/Source",
					"$(HAVOK_THIRDPARTY_DIR)/redistsdks/Lua/5.1.4/",
					./../../../../../../../Source,
					"$(HAVOK_THIRDPARTY_DIR)/redistsdks/fmod/4.44.23/inc",
				);
				INFOPLIST_FILE = "../../Data/Common/iOS/Samples-Info.plist";
				IPHONEOS_DEPLOYMENT_TARGET = 6.0;
				LIBRARY_SEARCH_PATHS = (
					../../Bin/ios_xcode_anarchy/debug,
					"$(VISION_SDK)/Lib/ios_xcode_anarchy/debug",
					"$(HAVOK_THIRDPARTY_DIR)/redistsdks/Lua/5.1.4/lib/iphoneos/Debug",
					"$(HAVOK_THIRDPARTY_DIR)/redistsdks/fmod/4.44.23/lib/ios",
					"$(HAVOK_THIRDPARTY_DIR)/redistsdks/Scaleform/4.3.26/Lib/iPhone-armv7/",
					"$(HAVOK_THIRDPARTY_DIR)/redistsdks/Scaleform/4.3.26/Lib/iPhone-armv7/Debug_NoRTTI/",
					"$(HAVOK_THIRDPARTY_DIR)/redistsdks/curl/7.22.0/iOS/lib/iphoneos/Release",
					"../../Lib/ios_xcode_anarchy/$(CONFIGURATION)",
					"$(HAVOK_THIRDPARTY_DIR)/plugins/cloud-connection/Lib/iOS/Debug-iphoneos/",
					"$(HAVOK_THIRDPARTY_DIR)/plugins/cloud-connection/ThirdParty/redistsdks/google-plus-ios-sdk/V1.5.1",
				);
				MACH_O_TYPE = mh_execute;
				OTHER_CPLUSPLUSFLAGS = (
					"-fno-strict-aliasing",
					"-mfpu=neon",
					"-mfloat-abi=softfp",
					"-DHK_ANARCHY",
					"-DPROFILING",
					"-D_VISION_IOS",
					"-D_VISION_POSIX",
					"-D_VR_GLES2",
					"-DVBASE_LIB",
					"-DLINK_WITH_VISION",
					"-DVISIONDLL_LIB",
					"-DUSE_HAVOK",
					"-DCURL_STATICLIB",
					"-D_DEBUG",
					"-DHK_DEBUG",
					"-DHK_DEBUG_SLOW",
					"-fno-inline",
				);
				OTHER_LDFLAGS = (
					"-lluaIOS",
					"-lfmodexL_iphoneos",
					"-lfmodeventL_iphoneos",
					"-lfmodeventnetL_iphoneos",
					"-lgfx_air",
					"-lgfx_as2",
					"-lgfx_as3",
					"-lgfx",
					"-lgfxexpat",
					"-lgfxplatform",
					"-lgfxrender_gl",
					"-lgfxsound_fmod",
					"-lexpat",
					"-ljpeg",
					"-lpcre",
					"-lpng",
					"-lz",
					"-lcurl",
					"-lBaseD",
					"-lVisionD",
					"-lVisionEnginePlugin",
					"-lVisionAppD",
					"-lvHavok",
					"-lVisionEnginePlugin",
					"-lvFmodEnginePlugin",
					"-lhkBase",
					"-lhkCompat",
					"-lhkSceneData",
					"-lhkSerialize",
					"-lhkVisualize",
					"-lhkInternal",
					"-lhkGeometryUtilities",
					"-lhkcdInternal",
					"-lhkcdCollide",
					"-lhkImageUtilities",
					"-lhkpUtilities",
					"-lhkpVehicle",
					"-lhkpDynamics",
					"-lhkpCollide",
					"-lhkpInternal",
					"-lhkpConstraintSolver",
					"-lhkpConstraint",
					"-lhkaPhysics2012Bridge",
					"-lhkaInternal",
					"-lhkaAnimation",
					"-lhkbBehavior",
					"-lhkbInternal",
					"-lhkbUtilities",
					"-lhkbPhysics2012Bridge",
					"-lhkbAiBridge",
					"-lhkbScript",
					"-lhkaiPathfinding",
					"-lhkaiInternal",
					"-lhkaiVisualize",
					"-lhkaiSpatialAnalysis",
					"-lhkaiPhysics2012Bridge",
					"-lvHavokAi",
					"-lvHavokBehavior",
					"-lvScaleformPlugin",
					"-lvScaleformUtilsD",
					"-lGamePlugin",
					"-lCloudConnection",
					"-ObjC",
				);
				PROVISIONING_PROFILE = "";
				SDKROOT = iphoneos;
				SKIP_INSTALL = NO;
				SUPPORTED_PLATFORMS = iphoneos;
				TARGETED_DEVICE_FAMILY = "1,2";
				WARNING_CFLAGS = (
					"-W",
					"-Wall",
					"-Wundef",
					"-Wno-inline",
					"-Wcast-qual",
					"-Wno-unused",
					"-Wno-unknown-pragmas",
					"-Wno-ignored-qualifiers",
					"-Wno-overflow",
					"-Wno-type-limits",
					"-Wno-sign-compare",
					"-Wno-char-subscripts",
					"-Wno-switch",
					"-Wno-dangling-else",
					"-Wno-comment",
					"-Wno-shadow",
					"-Wno-unused-parameter",
				);
				WRAPPER_EXTENSION = app;
			};
			name = debug;
		};
		5721140000000000020236 /* dev */ = {
			isa = XCBuildConfiguration;
			buildSettings = {
				CONFIGURATION_BUILD_DIR = "$(BUILD_DIR)";
				CONFIGURATION_TEMP_DIR = "$(PROJECT_TEMP_DIR)/$(CONFIGURATION)$";
				HEADER_SEARCH_PATHS = (
					../../../../../../../../../../../../Source,
					../../../../../..,
					"$(VISION_SDK)/Source",
					"$(HAVOK_THIRDPARTY_DIR)/redistsdks/Lua/5.1.4/",
					./../../../../../../../Source,
					"$(HAVOK_THIRDPARTY_DIR)/redistsdks/fmod/4.44.23/inc",
				);
				OBJROOT = ../../Obj/ios_xcode_anarchy/dev/GameApplication;
				PRODUCT_NAME = GameApplication;
				SYMROOT = ../../Bin/ios_xcode_anarchy/dev;
			};
			name = dev;
		};
		7910730000000000020233 /* distrib */ = {
			isa = XCBuildConfiguration;
			buildSettings = {
				ARCHS = armv7;
				CLANG_CXX_LANGUAGE_STANDARD = "gnu++0x";
				CLANG_CXX_LIBRARY = "libc++";
				CODE_SIGN_IDENTITY = "iPhone Developer";
				"CODE_SIGN_IDENTITY[sdk=iphoneos*]" = "iPhone Developer";
				COMPRESS_PNG_FILES = NO;
				DEBUG_INFORMATION_FORMAT = dwarf;
				FRAMEWORK_SEARCH_PATHS = (
					"$(inherited)",
					"/Havok/AnarchySDK/ThirdParty/plugins/cloud-connection/ThirdParty/redistsdks/gpg-cpp-sdk/V1.0/ios",
					"/Havok/AnarchySDK/ThirdParty/plugins/cloud-connection/ThirdParty/redistsdks/google-plus-ios-sdk/V1.5.1",
					"/Havok/AnarchySDK/ThirdParty/plugins/cloud-connection/ThirdParty/redistsdks/GooglePlayGames-iOS-SDK/2.0.2",
				);
				GCC_ENABLE_CPP_EXCEPTIONS = NO;
				GCC_ENABLE_CPP_RTTI = YES;
				GCC_ENABLE_SYMBOL_SEPARATION = NO;
				GCC_GENERATE_DEBUGGING_SYMBOLS = NO;
				GCC_INLINES_ARE_PRIVATE_EXTERN = YES;
				GCC_OPTIMIZATION_LEVEL = 3;
				GCC_PRECOMPILE_PREFIX_HEADER = NO;
				GCC_PREPROCESSOR_DEFINITIONS_NOT_USED_IN_PRECOMPS = (
					HK_ANARCHY,
					PROFILING,
					_VISION_IOS,
					_VISION_POSIX,
					_VR_GLES2,
					VBASE_LIB,
					LINK_WITH_VISION,
					VISIONDLL_LIB,
					USE_HAVOK,
					CURL_STATICLIB,
				);
				GCC_STRICT_ALIASING = NO;
				GCC_SYMBOLS_PRIVATE_EXTERN = NO;
				GCC_THUMB_SUPPORT = NO;
				GCC_USE_GCC3_PFE_SUPPORT = NO;
				GCC_VERSION = com.apple.compilers.llvm.clang.1_0;
				GCC_WARN_ABOUT_INVALID_OFFSETOF_MACRO = NO;
				HEADER_SEARCH_PATHS = (
					../../../../../../../../../../../../Source,
					../../../../../..,
					"$(VISION_SDK)/Source",
					"$(HAVOK_THIRDPARTY_DIR)/redistsdks/Lua/5.1.4/",
					./../../../../../../../Source,
					"$(HAVOK_THIRDPARTY_DIR)/redistsdks/fmod/4.44.23/inc",
				);
				INFOPLIST_FILE = "../../Data/Common/iOS/Samples-Info.plist";
				IPHONEOS_DEPLOYMENT_TARGET = 6.0;
				LIBRARY_SEARCH_PATHS = (
					../../Bin/ios_xcode_anarchy/distrib,
					"$(VISION_SDK)/Lib/ios_xcode_anarchy/distrib",
					"$(HAVOK_THIRDPARTY_DIR)/redistsdks/Lua/5.1.4/lib/iphoneos/Release",
					"$(HAVOK_THIRDPARTY_DIR)/redistsdks/fmod/4.44.23/lib/ios",
					"$(HAVOK_THIRDPARTY_DIR)/redistsdks/Scaleform/4.3.26/Lib/iPhone-armv7/",
					"$(HAVOK_THIRDPARTY_DIR)/redistsdks/Scaleform/4.3.26/Lib/iPhone-armv7/Release_NoRTTI/",
					"$(HAVOK_THIRDPARTY_DIR)/redistsdks/curl/7.22.0/iOS/lib/iphoneos/Release",
					"../../Lib/ios_xcode_anarchy/$(CONFIGURATION)",
					"$(HAVOK_THIRDPARTY_DIR)/plugins/cloud-connection/Lib/iOS/Release-iphoneos/",
				);
				MACH_O_TYPE = mh_execute;
				OTHER_CPLUSPLUSFLAGS = (
					"-fno-strict-aliasing",
					"-mfpu=neon",
					"-mfloat-abi=softfp",
					"-DHK_ANARCHY",
					"-DPROFILING",
					"-D_VISION_IOS",
					"-D_VISION_POSIX",
					"-D_VR_GLES2",
					"-DVBASE_LIB",
					"-DLINK_WITH_VISION",
					"-DVISIONDLL_LIB",
					"-DUSE_HAVOK",
					"-DCURL_STATICLIB",
					"-fomit-frame-pointer",
				);
				OTHER_LDFLAGS = (
					"-lluaIOS",
					"-lfmodex_iphoneos",
					"-lfmodevent_iphoneos",
					"-lfmodeventnet_iphoneos",
					"-lgfx_air",
					"-lgfx_as2",
					"-lgfx_as3",
					"-lgfx",
					"-lgfxexpat",
					"-lgfxplatform",
					"-lgfxrender_gl",
					"-lgfxsound_fmod",
					"-lexpat",
					"-ljpeg",
					"-lpcre",
					"-lpng",
					"-lz",
					"-lcurl",
					"-lBase",
					"-lVision",
					"-lVisionEnginePlugin",
					"-lVisionApp",
					"-lvHavok",
					"-lVisionEnginePlugin",
					"-lvFmodEnginePlugin",
					"-lhkBase",
					"-lhkCompat",
					"-lhkSceneData",
					"-lhkSerialize",
					"-lhkVisualize",
					"-lhkInternal",
					"-lhkGeometryUtilities",
					"-lhkcdInternal",
					"-lhkcdCollide",
					"-lhkImageUtilities",
					"-lhkpUtilities",
					"-lhkpVehicle",
					"-lhkpDynamics",
					"-lhkpCollide",
					"-lhkpInternal",
					"-lhkpConstraintSolver",
					"-lhkpConstraint",
					"-lhkaPhysics2012Bridge",
					"-lhkaInternal",
					"-lhkaAnimation",
					"-lhkbBehavior",
					"-lhkbInternal",
					"-lhkbUtilities",
					"-lhkbPhysics2012Bridge",
					"-lhkbAiBridge",
					"-lhkbScript",
					"-lhkaiPathfinding",
					"-lhkaiInternal",
					"-lhkaiVisualize",
					"-lhkaiSpatialAnalysis",
					"-lhkaiPhysics2012Bridge",
					"-lvHavokAi",
					"-lvHavokBehavior",
					"-lvScaleformPlugin",
					"-lvScaleformUtils",
				);
				PROVISIONING_PROFILE = "";
				SDKROOT = iphoneos;
				SKIP_INSTALL = NO;
				SUPPORTED_PLATFORMS = iphoneos;
				TARGETED_DEVICE_FAMILY = "1,2";
				WARNING_CFLAGS = (
					"-W",
					"-Wall",
					"-Wundef",
					"-Wno-inline",
					"-Wcast-qual",
					"-Wno-unused",
					"-Wno-unknown-pragmas",
					"-Wno-ignored-qualifiers",
					"-Wno-overflow",
					"-Wno-type-limits",
					"-Wno-sign-compare",
					"-Wno-char-subscripts",
					"-Wno-switch",
					"-Wno-dangling-else",
					"-Wno-comment",
					"-Wno-shadow",
					"-Wno-unused-parameter",
				);
				WRAPPER_EXTENSION = app;
			};
			name = distrib;
		};
		8086040000000000020234 /* release */ = {
			isa = XCBuildConfiguration;
			buildSettings = {
				ARCHS = armv7;
				CLANG_CXX_LANGUAGE_STANDARD = "gnu++0x";
				CLANG_CXX_LIBRARY = "libc++";
				CODE_SIGN_IDENTITY = "iPhone Developer";
				"CODE_SIGN_IDENTITY[sdk=iphoneos*]" = "iPhone Developer";
				COMPRESS_PNG_FILES = NO;
				DEBUG_INFORMATION_FORMAT = dwarf;
				FRAMEWORK_SEARCH_PATHS = (
					"$(inherited)",
					"/Havok/AnarchySDK/ThirdParty/plugins/cloud-connection/ThirdParty/redistsdks/gpg-cpp-sdk/V1.0/ios",
					"/Havok/AnarchySDK/ThirdParty/plugins/cloud-connection/ThirdParty/redistsdks/google-plus-ios-sdk/V1.5.1",
					"/Havok/AnarchySDK/ThirdParty/plugins/cloud-connection/ThirdParty/redistsdks/GooglePlayGames-iOS-SDK/2.0.2",
				);
				GCC_ENABLE_CPP_EXCEPTIONS = NO;
				GCC_ENABLE_CPP_RTTI = YES;
				GCC_ENABLE_SYMBOL_SEPARATION = NO;
				GCC_GENERATE_DEBUGGING_SYMBOLS = NO;
				GCC_INLINES_ARE_PRIVATE_EXTERN = YES;
				GCC_OPTIMIZATION_LEVEL = 3;
				GCC_PRECOMPILE_PREFIX_HEADER = NO;
				GCC_PREPROCESSOR_DEFINITIONS_NOT_USED_IN_PRECOMPS = (
					HK_ANARCHY,
					PROFILING,
					_VISION_IOS,
					_VISION_POSIX,
					_VR_GLES2,
					VBASE_LIB,
					LINK_WITH_VISION,
					VISIONDLL_LIB,
					USE_HAVOK,
					CURL_STATICLIB,
				);
				GCC_STRICT_ALIASING = NO;
				GCC_SYMBOLS_PRIVATE_EXTERN = NO;
				GCC_THUMB_SUPPORT = NO;
				GCC_USE_GCC3_PFE_SUPPORT = NO;
				GCC_VERSION = com.apple.compilers.llvm.clang.1_0;
				GCC_WARN_ABOUT_INVALID_OFFSETOF_MACRO = NO;
				HEADER_SEARCH_PATHS = (
					../../../../../../../../../../../../Source,
					../../../../../..,
					"$(VISION_SDK)/Source",
					"$(HAVOK_THIRDPARTY_DIR)/redistsdks/Lua/5.1.4/",
					./../../../../../../../Source,
					"$(HAVOK_THIRDPARTY_DIR)/redistsdks/fmod/4.44.23/inc",
				);
				INFOPLIST_FILE = "../../Data/Common/iOS/Samples-Info.plist";
				IPHONEOS_DEPLOYMENT_TARGET = 6.0;
				LIBRARY_SEARCH_PATHS = (
					../../Bin/ios_xcode_anarchy/release,
					"$(VISION_SDK)/Lib/ios_xcode_anarchy/release",
					"$(HAVOK_THIRDPARTY_DIR)/redistsdks/Lua/5.1.4/lib/iphoneos/Release",
					"$(HAVOK_THIRDPARTY_DIR)/redistsdks/fmod/4.44.23/lib/ios",
					"$(HAVOK_THIRDPARTY_DIR)/redistsdks/Scaleform/4.3.26/Lib/iPhone-armv7/",
					"$(HAVOK_THIRDPARTY_DIR)/redistsdks/Scaleform/4.3.26/Lib/iPhone-armv7/Release_NoRTTI/",
					"$(HAVOK_THIRDPARTY_DIR)/redistsdks/curl/7.22.0/iOS/lib/iphoneos/Release",
					"../../Lib/ios_xcode_anarchy/$(CONFIGURATION)",
					"$(HAVOK_THIRDPARTY_DIR)/plugins/cloud-connection/Lib/iOS/Release-iphoneos/",
				);
				MACH_O_TYPE = mh_execute;
				OTHER_CPLUSPLUSFLAGS = (
					"-fno-strict-aliasing",
					"-mfpu=neon",
					"-mfloat-abi=softfp",
					"-DHK_ANARCHY",
					"-DPROFILING",
					"-D_VISION_IOS",
					"-D_VISION_POSIX",
					"-D_VR_GLES2",
					"-DVBASE_LIB",
					"-DLINK_WITH_VISION",
					"-DVISIONDLL_LIB",
					"-DUSE_HAVOK",
					"-DCURL_STATICLIB",
					"-fomit-frame-pointer",
				);
				OTHER_LDFLAGS = (
					"-lluaIOS",
					"-lfmodex_iphoneos",
					"-lfmodevent_iphoneos",
					"-lfmodeventnet_iphoneos",
					"-lgfx_air",
					"-lgfx_as2",
					"-lgfx_as3",
					"-lgfx",
					"-lgfxexpat",
					"-lgfxplatform",
					"-lgfxrender_gl",
					"-lgfxsound_fmod",
					"-lexpat",
					"-ljpeg",
					"-lpcre",
					"-lpng",
					"-lz",
					"-lcurl",
					"-lBase",
					"-lVision",
					"-lVisionEnginePlugin",
					"-lVisionApp",
					"-lvHavok",
					"-lVisionEnginePlugin",
					"-lvFmodEnginePlugin",
					"-lhkBase",
					"-lhkCompat",
					"-lhkSceneData",
					"-lhkSerialize",
					"-lhkVisualize",
					"-lhkInternal",
					"-lhkGeometryUtilities",
					"-lhkcdInternal",
					"-lhkcdCollide",
					"-lhkImageUtilities",
					"-lhkpUtilities",
					"-lhkpVehicle",
					"-lhkpDynamics",
					"-lhkpCollide",
					"-lhkpInternal",
					"-lhkpConstraintSolver",
					"-lhkpConstraint",
					"-lhkaPhysics2012Bridge",
					"-lhkaInternal",
					"-lhkaAnimation",
					"-lhkbBehavior",
					"-lhkbInternal",
					"-lhkbUtilities",
					"-lhkbPhysics2012Bridge",
					"-lhkbAiBridge",
					"-lhkbScript",
					"-lhkaiPathfinding",
					"-lhkaiInternal",
					"-lhkaiVisualize",
					"-lhkaiSpatialAnalysis",
					"-lhkaiPhysics2012Bridge",
					"-lvHavokAi",
					"-lvHavokBehavior",
					"-lvScaleformPlugin",
					"-lvScaleformUtils",
					"-ObjC",
					"-lCloudConnection",
					"-lGamePlugin",
				);
				PROVISIONING_PROFILE = "";
				SDKROOT = iphoneos;
				SKIP_INSTALL = NO;
				SUPPORTED_PLATFORMS = iphoneos;
				TARGETED_DEVICE_FAMILY = "1,2";
				WARNING_CFLAGS = (
					"-W",
					"-Wall",
					"-Wundef",
					"-Wno-inline",
					"-Wcast-qual",
					"-Wno-unused",
					"-Wno-unknown-pragmas",
					"-Wno-ignored-qualifiers",
					"-Wno-overflow",
					"-Wno-type-limits",
					"-Wno-sign-compare",
					"-Wno-char-subscripts",
					"-Wno-switch",
					"-Wno-dangling-else",
					"-Wno-comment",
					"-Wno-shadow",
					"-Wno-unused-parameter",
				);
				WRAPPER_EXTENSION = app;
			};
			name = release;
		};
		8425720000000000020232 /* dev */ = {
			isa = XCBuildConfiguration;
			buildSettings = {
				ARCHS = armv7;
				CLANG_CXX_LANGUAGE_STANDARD = "gnu++0x";
				CLANG_CXX_LIBRARY = "libc++";
				CODE_SIGN_IDENTITY = "iPhone Developer";
				"CODE_SIGN_IDENTITY[sdk=iphoneos*]" = "iPhone Developer";
				COMPRESS_PNG_FILES = NO;
				DEBUG_INFORMATION_FORMAT = dwarf;
				FRAMEWORK_SEARCH_PATHS = (
					"$(inherited)",
					"/Havok/AnarchySDK/ThirdParty/plugins/cloud-connection/ThirdParty/redistsdks/gpg-cpp-sdk/V1.0/ios",
					"/Havok/AnarchySDK/ThirdParty/plugins/cloud-connection/ThirdParty/redistsdks/google-plus-ios-sdk/V1.5.1",
					"/Havok/AnarchySDK/ThirdParty/plugins/cloud-connection/ThirdParty/redistsdks/GooglePlayGames-iOS-SDK/2.0.2",
				);
				GCC_ENABLE_CPP_EXCEPTIONS = NO;
				GCC_ENABLE_CPP_RTTI = YES;
				GCC_ENABLE_SYMBOL_SEPARATION = NO;
				GCC_GENERATE_DEBUGGING_SYMBOLS = YES;
				GCC_INLINES_ARE_PRIVATE_EXTERN = YES;
				GCC_OPTIMIZATION_LEVEL = 3;
				GCC_PRECOMPILE_PREFIX_HEADER = NO;
				GCC_PREPROCESSOR_DEFINITIONS_NOT_USED_IN_PRECOMPS = (
					HK_ANARCHY,
					PROFILING,
					_VISION_IOS,
					_VISION_POSIX,
					_VR_GLES2,
					VBASE_LIB,
					LINK_WITH_VISION,
					VISIONDLL_LIB,
					USE_HAVOK,
					CURL_STATICLIB,
				);
				GCC_STRICT_ALIASING = NO;
				GCC_SYMBOLS_PRIVATE_EXTERN = NO;
				GCC_THUMB_SUPPORT = NO;
				GCC_USE_GCC3_PFE_SUPPORT = NO;
				GCC_VERSION = com.apple.compilers.llvm.clang.1_0;
				GCC_WARN_ABOUT_INVALID_OFFSETOF_MACRO = NO;
				HEADER_SEARCH_PATHS = (
					../../../../../../../../../../../../Source,
					../../../../../..,
					"$(VISION_SDK)/Source",
					"$(HAVOK_THIRDPARTY_DIR)/redistsdks/Lua/5.1.4/",
					./../../../../../../../Source,
					"$(HAVOK_THIRDPARTY_DIR)/redistsdks/fmod/4.44.23/inc",
				);
				INFOPLIST_FILE = "../../Data/Common/iOS/Samples-Info.plist";
				IPHONEOS_DEPLOYMENT_TARGET = 6.0;
				LIBRARY_SEARCH_PATHS = (
					../../Bin/ios_xcode_anarchy/dev,
					"$(VISION_SDK)/Lib/ios_xcode_anarchy/dev",
					"$(HAVOK_THIRDPARTY_DIR)/redistsdks/Lua/5.1.4/lib/iphoneos/Release",
					"$(HAVOK_THIRDPARTY_DIR)/redistsdks/fmod/4.44.23/lib/ios",
					"$(HAVOK_THIRDPARTY_DIR)/redistsdks/Scaleform/4.3.26/Lib/iPhone-armv7/",
					"$(HAVOK_THIRDPARTY_DIR)/redistsdks/Scaleform/4.3.26/Lib/iPhone-armv7/Release_NoRTTI/",
					"$(HAVOK_THIRDPARTY_DIR)/redistsdks/curl/7.22.0/iOS/lib/iphoneos/Release",
					"../../Lib/ios_xcode_anarchy/$(CONFIGURATION)",
					"$(HAVOK_THIRDPARTY_DIR)/plugins/cloud-connection/Lib/iOS/Release-iphoneos/",
				);
				MACH_O_TYPE = mh_execute;
				OTHER_CPLUSPLUSFLAGS = (
					"-fno-strict-aliasing",
					"-mfpu=neon",
					"-mfloat-abi=softfp",
					"-DHK_ANARCHY",
					"-DPROFILING",
					"-D_VISION_IOS",
					"-D_VISION_POSIX",
					"-D_VR_GLES2",
					"-DVBASE_LIB",
					"-DLINK_WITH_VISION",
					"-DVISIONDLL_LIB",
					"-DUSE_HAVOK",
					"-DCURL_STATICLIB",
					"-DHK_DEBUG",
				);
				OTHER_LDFLAGS = (
					"-lluaIOS",
					"-lfmodex_iphoneos",
					"-lfmodevent_iphoneos",
					"-lfmodeventnet_iphoneos",
					"-lgfx_air",
					"-lgfx_as2",
					"-lgfx_as3",
					"-lgfx",
					"-lgfxexpat",
					"-lgfxplatform",
					"-lgfxrender_gl",
					"-lgfxsound_fmod",
					"-lexpat",
					"-ljpeg",
					"-lpcre",
					"-lpng",
					"-lz",
					"-lcurl",
					"-lBase",
					"-lVision",
					"-lVisionEnginePlugin",
					"-lVisionApp",
					"-lvHavok",
					"-lVisionEnginePlugin",
					"-lvFmodEnginePlugin",
					"-lhkBase",
					"-lhkCompat",
					"-lhkSceneData",
					"-lhkSerialize",
					"-lhkVisualize",
					"-lhkInternal",
					"-lhkGeometryUtilities",
					"-lhkcdInternal",
					"-lhkcdCollide",
					"-lhkImageUtilities",
					"-lhkpUtilities",
					"-lhkpVehicle",
					"-lhkpDynamics",
					"-lhkpCollide",
					"-lhkpInternal",
					"-lhkpConstraintSolver",
					"-lhkpConstraint",
					"-lhkaPhysics2012Bridge",
					"-lhkaInternal",
					"-lhkaAnimation",
					"-lhkbBehavior",
					"-lhkbInternal",
					"-lhkbUtilities",
					"-lhkbPhysics2012Bridge",
					"-lhkbAiBridge",
					"-lhkbScript",
					"-lhkaiPathfinding",
					"-lhkaiInternal",
					"-lhkaiVisualize",
					"-lhkaiSpatialAnalysis",
					"-lhkaiPhysics2012Bridge",
					"-lvHavokAi",
					"-lvHavokBehavior",
					"-lvScaleformPlugin",
					"-lvScaleformUtils",
					"-ObjC",
					"-lGamePlugin",
					"-lCloudConnection",
				);
				PROVISIONING_PROFILE = "";
				SDKROOT = iphoneos;
				SKIP_INSTALL = NO;
				SUPPORTED_PLATFORMS = iphoneos;
				TARGETED_DEVICE_FAMILY = "1,2";
				WARNING_CFLAGS = (
					"-W",
					"-Wall",
					"-Wundef",
					"-Wno-inline",
					"-Wcast-qual",
					"-Wno-unused",
					"-Wno-unknown-pragmas",
					"-Wno-ignored-qualifiers",
					"-Wno-overflow",
					"-Wno-type-limits",
					"-Wno-sign-compare",
					"-Wno-char-subscripts",
					"-Wno-switch",
					"-Wno-dangling-else",
					"-Wno-comment",
					"-Wno-shadow",
					"-Wno-unused-parameter",
				);
				WRAPPER_EXTENSION = app;
			};
			name = dev;
		};
		9300720000000000020235 /* debug */ = {
			isa = XCBuildConfiguration;
			buildSettings = {
				CONFIGURATION_BUILD_DIR = "$(BUILD_DIR)";
				CONFIGURATION_TEMP_DIR = "$(PROJECT_TEMP_DIR)/$(CONFIGURATION)$";
				HEADER_SEARCH_PATHS = (
					../../../../../../../../../../../../Source,
					../../../../../..,
					"$(VISION_SDK)/Source",
					"$(HAVOK_THIRDPARTY_DIR)/redistsdks/Lua/5.1.4/",
					./../../../../../../../Source,
					"$(HAVOK_THIRDPARTY_DIR)/redistsdks/fmod/4.44.23/inc",
				);
				OBJROOT = ../../Obj/ios_xcode_anarchy/debug/GameApplication;
				PRODUCT_NAME = GameApplication;
				SYMROOT = ../../Bin/ios_xcode_anarchy/debug;
			};
			name = debug;
		};
/* End XCBuildConfiguration section */

/* Begin XCConfigurationList section */
		1768280000000000020239 /* Build configuration list for PBXNativeTarget "GameApplication" */ = {
			isa = XCConfigurationList;
			buildConfigurations = (
				3174300000000000020231 /* debug */,
				7910730000000000020233 /* distrib */,
				8425720000000000020232 /* dev */,
				8086040000000000020234 /* release */,
			);
			defaultConfigurationIsVisible = 0;
			defaultConfigurationName = debug;
		};
		9432170000000000020240 /* Build configuration list for PBXProject "GameApplication_ios_anarchy" */ = {
			isa = XCConfigurationList;
			buildConfigurations = (
				9300720000000000020235 /* debug */,
				2606070000000000020237 /* distrib */,
				5721140000000000020236 /* dev */,
				2856020000000000020238 /* release */,
			);
			defaultConfigurationIsVisible = 0;
			defaultConfigurationName = debug;
		};
/* End XCConfigurationList section */
	};
	rootObject = 0128130000000000020246 /* Project object */;
}
